// !$*UTF8*$!
{
	archiveVersion = 1;
	classes = {
	};
	objectVersion = 50;
	objects = {

/* Begin PBXBuildFile section */
		0F961AB861EC2B34A68DC3D6 /* Pods_TuskTests.framework in Frameworks */ = {isa = PBXBuildFile; fileRef = 5C1B803EF892DFEAE3605A34 /* Pods_TuskTests.framework */; };
		5CAFB9310DA93F9007869142 /* Pods_TuskUITests.framework in Frameworks */ = {isa = PBXBuildFile; fileRef = 27E8FF97B389C231E1BF2689 /* Pods_TuskUITests.framework */; };
		73022FEF212E245800BC1E9A /* FollowsViewController.swift in Sources */ = {isa = PBXBuildFile; fileRef = 73022FEE212E245800BC1E9A /* FollowsViewController.swift */; };
		73022FF0212E245800BC1E9A /* FollowsViewController.swift in Sources */ = {isa = PBXBuildFile; fileRef = 73022FEE212E245800BC1E9A /* FollowsViewController.swift */; };
		73022FF1212E245800BC1E9A /* FollowsViewController.swift in Sources */ = {isa = PBXBuildFile; fileRef = 73022FEE212E245800BC1E9A /* FollowsViewController.swift */; };
		73022FF3212E2AD600BC1E9A /* FollowCellView.swift in Sources */ = {isa = PBXBuildFile; fileRef = 73022FF2212E2AD600BC1E9A /* FollowCellView.swift */; };
		73022FF4212E2AD600BC1E9A /* FollowCellView.swift in Sources */ = {isa = PBXBuildFile; fileRef = 73022FF2212E2AD600BC1E9A /* FollowCellView.swift */; };
		73022FF5212E2AD600BC1E9A /* FollowCellView.swift in Sources */ = {isa = PBXBuildFile; fileRef = 73022FF2212E2AD600BC1E9A /* FollowCellView.swift */; };
		73022FF7212F1B1B00BC1E9A /* AvatarView.swift in Sources */ = {isa = PBXBuildFile; fileRef = 73022FF6212F1B1B00BC1E9A /* AvatarView.swift */; };
		73022FF8212F1B1B00BC1E9A /* AvatarView.swift in Sources */ = {isa = PBXBuildFile; fileRef = 73022FF6212F1B1B00BC1E9A /* AvatarView.swift */; };
		73022FF9212F1B1B00BC1E9A /* AvatarView.swift in Sources */ = {isa = PBXBuildFile; fileRef = 73022FF6212F1B1B00BC1E9A /* AvatarView.swift */; };
		73022FFB212F1C5600BC1E9A /* UIView+Layout.swift in Sources */ = {isa = PBXBuildFile; fileRef = 73022FFA212F1C5600BC1E9A /* UIView+Layout.swift */; };
		73022FFC212F1C5600BC1E9A /* UIView+Layout.swift in Sources */ = {isa = PBXBuildFile; fileRef = 73022FFA212F1C5600BC1E9A /* UIView+Layout.swift */; };
		73022FFD212F1C5600BC1E9A /* UIView+Layout.swift in Sources */ = {isa = PBXBuildFile; fileRef = 73022FFA212F1C5600BC1E9A /* UIView+Layout.swift */; };
		73022FFF212F2CF500BC1E9A /* EnvVars.swift in Sources */ = {isa = PBXBuildFile; fileRef = 73022FFE212F2CF500BC1E9A /* EnvVars.swift */; };
		73023000212F2CF500BC1E9A /* EnvVars.swift in Sources */ = {isa = PBXBuildFile; fileRef = 73022FFE212F2CF500BC1E9A /* EnvVars.swift */; };
		73023001212F2CF500BC1E9A /* EnvVars.swift in Sources */ = {isa = PBXBuildFile; fileRef = 73022FFE212F2CF500BC1E9A /* EnvVars.swift */; };
		73023003212F535000BC1E9A /* ContextState.swift in Sources */ = {isa = PBXBuildFile; fileRef = 73023002212F535000BC1E9A /* ContextState.swift */; };
		73023004212F535000BC1E9A /* ContextState.swift in Sources */ = {isa = PBXBuildFile; fileRef = 73023002212F535000BC1E9A /* ContextState.swift */; };
		73023005212F535000BC1E9A /* ContextState.swift in Sources */ = {isa = PBXBuildFile; fileRef = 73023002212F535000BC1E9A /* ContextState.swift */; };
		73023007212F55BD00BC1E9A /* ContextsState.swift in Sources */ = {isa = PBXBuildFile; fileRef = 73023006212F55BD00BC1E9A /* ContextsState.swift */; };
		73023008212F55BD00BC1E9A /* ContextsState.swift in Sources */ = {isa = PBXBuildFile; fileRef = 73023006212F55BD00BC1E9A /* ContextsState.swift */; };
		73023009212F55BD00BC1E9A /* ContextsState.swift in Sources */ = {isa = PBXBuildFile; fileRef = 73023006212F55BD00BC1E9A /* ContextsState.swift */; };
		7302300B212F594000BC1E9A /* ContextViewController.swift in Sources */ = {isa = PBXBuildFile; fileRef = 7302300A212F594000BC1E9A /* ContextViewController.swift */; };
		7302300C212F594000BC1E9A /* ContextViewController.swift in Sources */ = {isa = PBXBuildFile; fileRef = 7302300A212F594000BC1E9A /* ContextViewController.swift */; };
		7302300D212F594000BC1E9A /* ContextViewController.swift in Sources */ = {isa = PBXBuildFile; fileRef = 7302300A212F594000BC1E9A /* ContextViewController.swift */; };
		7302300F213063CD00BC1E9A /* FieldViewCell.xib in Resources */ = {isa = PBXBuildFile; fileRef = 7302300E213063CD00BC1E9A /* FieldViewCell.xib */; };
		73023010213063CD00BC1E9A /* FieldViewCell.xib in Resources */ = {isa = PBXBuildFile; fileRef = 7302300E213063CD00BC1E9A /* FieldViewCell.xib */; };
		73023011213063CD00BC1E9A /* FieldViewCell.xib in Resources */ = {isa = PBXBuildFile; fileRef = 7302300E213063CD00BC1E9A /* FieldViewCell.xib */; };
		730230132130682A00BC1E9A /* UITableView+CellNib.swift in Sources */ = {isa = PBXBuildFile; fileRef = 730230122130682A00BC1E9A /* UITableView+CellNib.swift */; };
		730230142130682A00BC1E9A /* UITableView+CellNib.swift in Sources */ = {isa = PBXBuildFile; fileRef = 730230122130682A00BC1E9A /* UITableView+CellNib.swift */; };
		730230152130682A00BC1E9A /* UITableView+CellNib.swift in Sources */ = {isa = PBXBuildFile; fileRef = 730230122130682A00BC1E9A /* UITableView+CellNib.swift */; };
		73208E78212A252000529FA3 /* StatusActionViewCell.swift in Sources */ = {isa = PBXBuildFile; fileRef = 73208E77212A252000529FA3 /* StatusActionViewCell.swift */; };
		73208E79212A252000529FA3 /* StatusActionViewCell.swift in Sources */ = {isa = PBXBuildFile; fileRef = 73208E77212A252000529FA3 /* StatusActionViewCell.swift */; };
		73208E7A212A252000529FA3 /* StatusActionViewCell.swift in Sources */ = {isa = PBXBuildFile; fileRef = 73208E77212A252000529FA3 /* StatusActionViewCell.swift */; };
		73208E7C212A252900529FA3 /* StatusActionViewCell.xib in Resources */ = {isa = PBXBuildFile; fileRef = 73208E7B212A252900529FA3 /* StatusActionViewCell.xib */; };
		73208E7D212A252900529FA3 /* StatusActionViewCell.xib in Resources */ = {isa = PBXBuildFile; fileRef = 73208E7B212A252900529FA3 /* StatusActionViewCell.xib */; };
		73208E7E212A252900529FA3 /* StatusActionViewCell.xib in Resources */ = {isa = PBXBuildFile; fileRef = 73208E7B212A252900529FA3 /* StatusActionViewCell.xib */; };
		73208E81212A3B3100529FA3 /* TimelineViewController.swift in Sources */ = {isa = PBXBuildFile; fileRef = 73208E80212A3B3100529FA3 /* TimelineViewController.swift */; };
		73208E82212A3B3100529FA3 /* TimelineViewController.swift in Sources */ = {isa = PBXBuildFile; fileRef = 73208E80212A3B3100529FA3 /* TimelineViewController.swift */; };
		73208E83212A3B3100529FA3 /* TimelineViewController.swift in Sources */ = {isa = PBXBuildFile; fileRef = 73208E80212A3B3100529FA3 /* TimelineViewController.swift */; };
		73208E85212A41A400529FA3 /* TableViewCell.swift in Sources */ = {isa = PBXBuildFile; fileRef = 73208E84212A41A400529FA3 /* TableViewCell.swift */; };
		73208E86212A41A400529FA3 /* TableViewCell.swift in Sources */ = {isa = PBXBuildFile; fileRef = 73208E84212A41A400529FA3 /* TableViewCell.swift */; };
		73208E87212A41A400529FA3 /* TableViewCell.swift in Sources */ = {isa = PBXBuildFile; fileRef = 73208E84212A41A400529FA3 /* TableViewCell.swift */; };
		73208E89212B290500529FA3 /* MentionsState.swift in Sources */ = {isa = PBXBuildFile; fileRef = 73208E88212B290500529FA3 /* MentionsState.swift */; };
		73208E8A212B290500529FA3 /* MentionsState.swift in Sources */ = {isa = PBXBuildFile; fileRef = 73208E88212B290500529FA3 /* MentionsState.swift */; };
		73208E8B212B290500529FA3 /* MentionsState.swift in Sources */ = {isa = PBXBuildFile; fileRef = 73208E88212B290500529FA3 /* MentionsState.swift */; };
		73208E8E212B2A9C00529FA3 /* StatusesState.swift in Sources */ = {isa = PBXBuildFile; fileRef = 73208E8D212B2A9C00529FA3 /* StatusesState.swift */; };
		73208E8F212B2A9C00529FA3 /* StatusesState.swift in Sources */ = {isa = PBXBuildFile; fileRef = 73208E8D212B2A9C00529FA3 /* StatusesState.swift */; };
		73208E90212B2A9C00529FA3 /* StatusesState.swift in Sources */ = {isa = PBXBuildFile; fileRef = 73208E8D212B2A9C00529FA3 /* StatusesState.swift */; };
		73208E92212B316900529FA3 /* StatusesContainerViewController.swift in Sources */ = {isa = PBXBuildFile; fileRef = 73208E91212B316900529FA3 /* StatusesContainerViewController.swift */; };
		73208E93212B316900529FA3 /* StatusesContainerViewController.swift in Sources */ = {isa = PBXBuildFile; fileRef = 73208E91212B316900529FA3 /* StatusesContainerViewController.swift */; };
		73208E94212B316900529FA3 /* StatusesContainerViewController.swift in Sources */ = {isa = PBXBuildFile; fileRef = 73208E91212B316900529FA3 /* StatusesContainerViewController.swift */; };
		73208E96212B319B00529FA3 /* MentionsViewController.swift in Sources */ = {isa = PBXBuildFile; fileRef = 73208E95212B319B00529FA3 /* MentionsViewController.swift */; };
		73208E97212B319B00529FA3 /* MentionsViewController.swift in Sources */ = {isa = PBXBuildFile; fileRef = 73208E95212B319B00529FA3 /* MentionsViewController.swift */; };
		73208E98212B319B00529FA3 /* MentionsViewController.swift in Sources */ = {isa = PBXBuildFile; fileRef = 73208E95212B319B00529FA3 /* MentionsViewController.swift */; };
		73208E9A212B753C00529FA3 /* MessagesViewController.swift in Sources */ = {isa = PBXBuildFile; fileRef = 73208E99212B753C00529FA3 /* MessagesViewController.swift */; };
		73208E9B212B753C00529FA3 /* MessagesViewController.swift in Sources */ = {isa = PBXBuildFile; fileRef = 73208E99212B753C00529FA3 /* MessagesViewController.swift */; };
		73208E9C212B753C00529FA3 /* MessagesViewController.swift in Sources */ = {isa = PBXBuildFile; fileRef = 73208E99212B753C00529FA3 /* MessagesViewController.swift */; };
		73208EAA212C750600529FA3 /* TableContainerViewController.swift in Sources */ = {isa = PBXBuildFile; fileRef = 73208EA9212C750600529FA3 /* TableContainerViewController.swift */; };
		73208EAB212C750600529FA3 /* TableContainerViewController.swift in Sources */ = {isa = PBXBuildFile; fileRef = 73208EA9212C750600529FA3 /* TableContainerViewController.swift */; };
		73208EAC212C750600529FA3 /* TableContainerViewController.swift in Sources */ = {isa = PBXBuildFile; fileRef = 73208EA9212C750600529FA3 /* TableContainerViewController.swift */; };
		73208EBA212CC2AF00529FA3 /* AccountState.swift in Sources */ = {isa = PBXBuildFile; fileRef = 73208EB9212CC2AF00529FA3 /* AccountState.swift */; };
		73208EBB212CC2AF00529FA3 /* AccountState.swift in Sources */ = {isa = PBXBuildFile; fileRef = 73208EB9212CC2AF00529FA3 /* AccountState.swift */; };
		73208EBC212CC2AF00529FA3 /* AccountState.swift in Sources */ = {isa = PBXBuildFile; fileRef = 73208EB9212CC2AF00529FA3 /* AccountState.swift */; };
		732557F62125C63100ED1AF3 /* AuthFlowUIHandler.swift in Sources */ = {isa = PBXBuildFile; fileRef = 732557F52125C63000ED1AF3 /* AuthFlowUIHandler.swift */; };
		732557FB2125D0EB00ED1AF3 /* UIImage+Insets.swift in Sources */ = {isa = PBXBuildFile; fileRef = 732557FA2125D0EB00ED1AF3 /* UIImage+Insets.swift */; };
		732557FC2125D0EB00ED1AF3 /* UIImage+Insets.swift in Sources */ = {isa = PBXBuildFile; fileRef = 732557FA2125D0EB00ED1AF3 /* UIImage+Insets.swift */; };
		732557FD2125D0EB00ED1AF3 /* UIImage+Insets.swift in Sources */ = {isa = PBXBuildFile; fileRef = 732557FA2125D0EB00ED1AF3 /* UIImage+Insets.swift */; };
		732557FE2125D48700ED1AF3 /* AuthFlowUIHandler.swift in Sources */ = {isa = PBXBuildFile; fileRef = 732557F52125C63000ED1AF3 /* AuthFlowUIHandler.swift */; };
		732557FF2125D48700ED1AF3 /* AuthFlowUIHandler.swift in Sources */ = {isa = PBXBuildFile; fileRef = 732557F52125C63000ED1AF3 /* AuthFlowUIHandler.swift */; };
		732BE20D211F4ACE0049ADBD /* TimelineState.swift in Sources */ = {isa = PBXBuildFile; fileRef = 732BE20C211F4ACE0049ADBD /* TimelineState.swift */; };
		732BE20E211F4ACE0049ADBD /* TimelineState.swift in Sources */ = {isa = PBXBuildFile; fileRef = 732BE20C211F4ACE0049ADBD /* TimelineState.swift */; };
		732BE20F211F4ACE0049ADBD /* TimelineState.swift in Sources */ = {isa = PBXBuildFile; fileRef = 732BE20C211F4ACE0049ADBD /* TimelineState.swift */; };
		732BE211211F93860049ADBD /* NotificationsState.swift in Sources */ = {isa = PBXBuildFile; fileRef = 732BE210211F93860049ADBD /* NotificationsState.swift */; };
		732BE212211F93860049ADBD /* NotificationsState.swift in Sources */ = {isa = PBXBuildFile; fileRef = 732BE210211F93860049ADBD /* NotificationsState.swift */; };
		732BE213211F93860049ADBD /* NotificationsState.swift in Sources */ = {isa = PBXBuildFile; fileRef = 732BE210211F93860049ADBD /* NotificationsState.swift */; };
		732BE219211F96600049ADBD /* MessagesState.swift in Sources */ = {isa = PBXBuildFile; fileRef = 732BE218211F96600049ADBD /* MessagesState.swift */; };
		732BE21A211F96600049ADBD /* MessagesState.swift in Sources */ = {isa = PBXBuildFile; fileRef = 732BE218211F96600049ADBD /* MessagesState.swift */; };
		732BE21B211F96600049ADBD /* MessagesState.swift in Sources */ = {isa = PBXBuildFile; fileRef = 732BE218211F96600049ADBD /* MessagesState.swift */; };
		732BE22721208EA40049ADBD /* ActiveAccountViewController.swift in Sources */ = {isa = PBXBuildFile; fileRef = 732BE22621208EA40049ADBD /* ActiveAccountViewController.swift */; };
		732BE22821208EA40049ADBD /* ActiveAccountViewController.swift in Sources */ = {isa = PBXBuildFile; fileRef = 732BE22621208EA40049ADBD /* ActiveAccountViewController.swift */; };
		732BE22921208EA40049ADBD /* ActiveAccountViewController.swift in Sources */ = {isa = PBXBuildFile; fileRef = 732BE22621208EA40049ADBD /* ActiveAccountViewController.swift */; };
		732BE22F2120A9690049ADBD /* TabViewController.swift in Sources */ = {isa = PBXBuildFile; fileRef = 732BE22E2120A9690049ADBD /* TabViewController.swift */; };
		732BE2302120A9690049ADBD /* TabViewController.swift in Sources */ = {isa = PBXBuildFile; fileRef = 732BE22E2120A9690049ADBD /* TabViewController.swift */; };
		732BE2312120A9690049ADBD /* TabViewController.swift in Sources */ = {isa = PBXBuildFile; fileRef = 732BE22E2120A9690049ADBD /* TabViewController.swift */; };
		732BE2342120CC610049ADBD /* PaginatingTableViewController.swift in Sources */ = {isa = PBXBuildFile; fileRef = 732BE2332120CC610049ADBD /* PaginatingTableViewController.swift */; };
		732BE2352120CC610049ADBD /* PaginatingTableViewController.swift in Sources */ = {isa = PBXBuildFile; fileRef = 732BE2332120CC610049ADBD /* PaginatingTableViewController.swift */; };
		732BE2362120CC610049ADBD /* PaginatingTableViewController.swift in Sources */ = {isa = PBXBuildFile; fileRef = 732BE2332120CC610049ADBD /* PaginatingTableViewController.swift */; };
		732BE2412121F0BA0049ADBD /* PaginatableState.swift in Sources */ = {isa = PBXBuildFile; fileRef = 732BE2402121F0BA0049ADBD /* PaginatableState.swift */; };
		732BE2422121F0BA0049ADBD /* PaginatableState.swift in Sources */ = {isa = PBXBuildFile; fileRef = 732BE2402121F0BA0049ADBD /* PaginatableState.swift */; };
		732BE2432121F0BA0049ADBD /* PaginatableState.swift in Sources */ = {isa = PBXBuildFile; fileRef = 732BE2402121F0BA0049ADBD /* PaginatableState.swift */; };
		732BE245212222460049ADBD /* StatusViewCell.xib in Resources */ = {isa = PBXBuildFile; fileRef = 732BE244212222460049ADBD /* StatusViewCell.xib */; };
		732BE246212222460049ADBD /* StatusViewCell.xib in Resources */ = {isa = PBXBuildFile; fileRef = 732BE244212222460049ADBD /* StatusViewCell.xib */; };
		732BE247212222460049ADBD /* StatusViewCell.xib in Resources */ = {isa = PBXBuildFile; fileRef = 732BE244212222460049ADBD /* StatusViewCell.xib */; };
		732BE249212222500049ADBD /* StatusViewCell.swift in Sources */ = {isa = PBXBuildFile; fileRef = 732BE248212222500049ADBD /* StatusViewCell.swift */; };
		732BE24A212222500049ADBD /* StatusViewCell.swift in Sources */ = {isa = PBXBuildFile; fileRef = 732BE248212222500049ADBD /* StatusViewCell.swift */; };
		732BE24B212222500049ADBD /* StatusViewCell.swift in Sources */ = {isa = PBXBuildFile; fileRef = 732BE248212222500049ADBD /* StatusViewCell.swift */; };
		732BE24E2122240D0049ADBD /* ImageView.swift in Sources */ = {isa = PBXBuildFile; fileRef = 732BE24D2122240D0049ADBD /* ImageView.swift */; };
		732BE24F2122240D0049ADBD /* ImageView.swift in Sources */ = {isa = PBXBuildFile; fileRef = 732BE24D2122240D0049ADBD /* ImageView.swift */; };
		732BE2502122240D0049ADBD /* ImageView.swift in Sources */ = {isa = PBXBuildFile; fileRef = 732BE24D2122240D0049ADBD /* ImageView.swift */; };
		732BE252212233A30049ADBD /* TextView.swift in Sources */ = {isa = PBXBuildFile; fileRef = 732BE251212233A30049ADBD /* TextView.swift */; };
		732BE253212233A30049ADBD /* TextView.swift in Sources */ = {isa = PBXBuildFile; fileRef = 732BE251212233A30049ADBD /* TextView.swift */; };
		732BE254212233A30049ADBD /* TextView.swift in Sources */ = {isa = PBXBuildFile; fileRef = 732BE251212233A30049ADBD /* TextView.swift */; };
		732BE25A212327350049ADBD /* NotificationViewCell.xib in Resources */ = {isa = PBXBuildFile; fileRef = 732BE259212327350049ADBD /* NotificationViewCell.xib */; };
		732BE25B212327350049ADBD /* NotificationViewCell.xib in Resources */ = {isa = PBXBuildFile; fileRef = 732BE259212327350049ADBD /* NotificationViewCell.xib */; };
		732BE25C212327350049ADBD /* NotificationViewCell.xib in Resources */ = {isa = PBXBuildFile; fileRef = 732BE259212327350049ADBD /* NotificationViewCell.xib */; };
		732BE25E212327490049ADBD /* NotificationViewCell.swift in Sources */ = {isa = PBXBuildFile; fileRef = 732BE25D212327490049ADBD /* NotificationViewCell.swift */; };
		732BE25F212327490049ADBD /* NotificationViewCell.swift in Sources */ = {isa = PBXBuildFile; fileRef = 732BE25D212327490049ADBD /* NotificationViewCell.swift */; };
		732BE260212327490049ADBD /* NotificationViewCell.swift in Sources */ = {isa = PBXBuildFile; fileRef = 732BE25D212327490049ADBD /* NotificationViewCell.swift */; };
		732BE262212338EA0049ADBD /* TimestampLabel.swift in Sources */ = {isa = PBXBuildFile; fileRef = 732BE261212338EA0049ADBD /* TimestampLabel.swift */; };
		732BE263212338EA0049ADBD /* TimestampLabel.swift in Sources */ = {isa = PBXBuildFile; fileRef = 732BE261212338EA0049ADBD /* TimestampLabel.swift */; };
		732BE264212338EA0049ADBD /* TimestampLabel.swift in Sources */ = {isa = PBXBuildFile; fileRef = 732BE261212338EA0049ADBD /* TimestampLabel.swift */; };
		732BE266212345080049ADBD /* AccountViewController.swift in Sources */ = {isa = PBXBuildFile; fileRef = 732BE265212345080049ADBD /* AccountViewController.swift */; };
		732BE267212345080049ADBD /* AccountViewController.swift in Sources */ = {isa = PBXBuildFile; fileRef = 732BE265212345080049ADBD /* AccountViewController.swift */; };
		732BE268212345080049ADBD /* AccountViewController.swift in Sources */ = {isa = PBXBuildFile; fileRef = 732BE265212345080049ADBD /* AccountViewController.swift */; };
		732BE27221238FA50049ADBD /* FieldViewCell.swift in Sources */ = {isa = PBXBuildFile; fileRef = 732BE27121238FA50049ADBD /* FieldViewCell.swift */; };
		732BE27321238FA50049ADBD /* FieldViewCell.swift in Sources */ = {isa = PBXBuildFile; fileRef = 732BE27121238FA50049ADBD /* FieldViewCell.swift */; };
		732BE27421238FA50049ADBD /* FieldViewCell.swift in Sources */ = {isa = PBXBuildFile; fileRef = 732BE27121238FA50049ADBD /* FieldViewCell.swift */; };
		732BE27B2123972F0049ADBD /* MastodonKit+Accessors.swift in Sources */ = {isa = PBXBuildFile; fileRef = 732BE2782123972F0049ADBD /* MastodonKit+Accessors.swift */; };
		732BE27C2123972F0049ADBD /* MastodonKit+Accessors.swift in Sources */ = {isa = PBXBuildFile; fileRef = 732BE2782123972F0049ADBD /* MastodonKit+Accessors.swift */; };
		732BE27D2123972F0049ADBD /* MastodonKit+Accessors.swift in Sources */ = {isa = PBXBuildFile; fileRef = 732BE2782123972F0049ADBD /* MastodonKit+Accessors.swift */; };
		732BE27E2123972F0049ADBD /* MastodonKit+Comparable.swift in Sources */ = {isa = PBXBuildFile; fileRef = 732BE2792123972F0049ADBD /* MastodonKit+Comparable.swift */; };
		732BE27F2123972F0049ADBD /* MastodonKit+Comparable.swift in Sources */ = {isa = PBXBuildFile; fileRef = 732BE2792123972F0049ADBD /* MastodonKit+Comparable.swift */; };
		732BE2802123972F0049ADBD /* MastodonKit+Comparable.swift in Sources */ = {isa = PBXBuildFile; fileRef = 732BE2792123972F0049ADBD /* MastodonKit+Comparable.swift */; };
		732BE289212485890049ADBD /* CaseIterable.swift in Sources */ = {isa = PBXBuildFile; fileRef = 732BE288212485890049ADBD /* CaseIterable.swift */; };
		732BE28A212485890049ADBD /* CaseIterable.swift in Sources */ = {isa = PBXBuildFile; fileRef = 732BE288212485890049ADBD /* CaseIterable.swift */; };
		732BE28B212485890049ADBD /* CaseIterable.swift in Sources */ = {isa = PBXBuildFile; fileRef = 732BE288212485890049ADBD /* CaseIterable.swift */; };
		7379C5B5211F3D4B003BEB84 /* AppState.swift in Sources */ = {isa = PBXBuildFile; fileRef = 7379C5B4211F3D4B003BEB84 /* AppState.swift */; };
		7379C5B6211F3D4B003BEB84 /* AppState.swift in Sources */ = {isa = PBXBuildFile; fileRef = 7379C5B4211F3D4B003BEB84 /* AppState.swift */; };
		7379C5B7211F3D4B003BEB84 /* AppState.swift in Sources */ = {isa = PBXBuildFile; fileRef = 7379C5B4211F3D4B003BEB84 /* AppState.swift */; };
		7379C5BA211F4180003BEB84 /* AuthState.swift in Sources */ = {isa = PBXBuildFile; fileRef = 7379C5B9211F4180003BEB84 /* AuthState.swift */; };
		7379C5BB211F4180003BEB84 /* AuthState.swift in Sources */ = {isa = PBXBuildFile; fileRef = 7379C5B9211F4180003BEB84 /* AuthState.swift */; };
		7379C5BC211F4180003BEB84 /* AuthState.swift in Sources */ = {isa = PBXBuildFile; fileRef = 7379C5B9211F4180003BEB84 /* AuthState.swift */; };
		739426DB21272A5F005CBEDA /* ImageAttachmentViewCell.xib in Resources */ = {isa = PBXBuildFile; fileRef = 739426DA21272A5F005CBEDA /* ImageAttachmentViewCell.xib */; };
		739426DC21272A5F005CBEDA /* ImageAttachmentViewCell.xib in Resources */ = {isa = PBXBuildFile; fileRef = 739426DA21272A5F005CBEDA /* ImageAttachmentViewCell.xib */; };
		739426DD21272A5F005CBEDA /* ImageAttachmentViewCell.xib in Resources */ = {isa = PBXBuildFile; fileRef = 739426DA21272A5F005CBEDA /* ImageAttachmentViewCell.xib */; };
		739426DF21272A9C005CBEDA /* ImageAttachmentViewCell.swift in Sources */ = {isa = PBXBuildFile; fileRef = 739426DE21272A9C005CBEDA /* ImageAttachmentViewCell.swift */; };
		739426E021272A9C005CBEDA /* ImageAttachmentViewCell.swift in Sources */ = {isa = PBXBuildFile; fileRef = 739426DE21272A9C005CBEDA /* ImageAttachmentViewCell.swift */; };
		739426E121272A9C005CBEDA /* ImageAttachmentViewCell.swift in Sources */ = {isa = PBXBuildFile; fileRef = 739426DE21272A9C005CBEDA /* ImageAttachmentViewCell.swift */; };
		739426E321288375005CBEDA /* AttachmentsViewController.swift in Sources */ = {isa = PBXBuildFile; fileRef = 739426E221288375005CBEDA /* AttachmentsViewController.swift */; };
		739426E421288375005CBEDA /* AttachmentsViewController.swift in Sources */ = {isa = PBXBuildFile; fileRef = 739426E221288375005CBEDA /* AttachmentsViewController.swift */; };
		739426E521288375005CBEDA /* AttachmentsViewController.swift in Sources */ = {isa = PBXBuildFile; fileRef = 739426E221288375005CBEDA /* AttachmentsViewController.swift */; };
		739426E72128D0DD005CBEDA /* ToggleLayoutConstraint.swift in Sources */ = {isa = PBXBuildFile; fileRef = 739426E62128D0DD005CBEDA /* ToggleLayoutConstraint.swift */; };
		739426E82128D0DD005CBEDA /* ToggleLayoutConstraint.swift in Sources */ = {isa = PBXBuildFile; fileRef = 739426E62128D0DD005CBEDA /* ToggleLayoutConstraint.swift */; };
		739426E92128D0DD005CBEDA /* ToggleLayoutConstraint.swift in Sources */ = {isa = PBXBuildFile; fileRef = 739426E62128D0DD005CBEDA /* ToggleLayoutConstraint.swift */; };
		73CBAE392124EBB70048462A /* NSAttributedString+HTML.swift in Sources */ = {isa = PBXBuildFile; fileRef = 73CBAE382124EBB70048462A /* NSAttributedString+HTML.swift */; };
		73CBAE3A2124EBB70048462A /* NSAttributedString+HTML.swift in Sources */ = {isa = PBXBuildFile; fileRef = 73CBAE382124EBB70048462A /* NSAttributedString+HTML.swift */; };
		73CBAE3B2124EBB70048462A /* NSAttributedString+HTML.swift in Sources */ = {isa = PBXBuildFile; fileRef = 73CBAE382124EBB70048462A /* NSAttributedString+HTML.swift */; };
		73EAEC57211E41A900C2620F /* AppDelegate.swift in Sources */ = {isa = PBXBuildFile; fileRef = 73EAEC56211E41A900C2620F /* AppDelegate.swift */; };
		73EAEC59211E41A900C2620F /* StatusesViewController.swift in Sources */ = {isa = PBXBuildFile; fileRef = 73EAEC58211E41A900C2620F /* StatusesViewController.swift */; };
		73EAEC5B211E41A900C2620F /* NotificationsViewController.swift in Sources */ = {isa = PBXBuildFile; fileRef = 73EAEC5A211E41A900C2620F /* NotificationsViewController.swift */; };
		73EAEC5E211E41A900C2620F /* Main.storyboard in Resources */ = {isa = PBXBuildFile; fileRef = 73EAEC5C211E41A900C2620F /* Main.storyboard */; };
		73EAEC60211E41AA00C2620F /* Assets.xcassets in Resources */ = {isa = PBXBuildFile; fileRef = 73EAEC5F211E41AA00C2620F /* Assets.xcassets */; };
		73EAEC63211E41AA00C2620F /* LaunchScreen.storyboard in Resources */ = {isa = PBXBuildFile; fileRef = 73EAEC61211E41AA00C2620F /* LaunchScreen.storyboard */; };
		73EAEC6E211E41AA00C2620F /* TuskTests.swift in Sources */ = {isa = PBXBuildFile; fileRef = 73EAEC6D211E41AA00C2620F /* TuskTests.swift */; };
		73EAEC79211E41AA00C2620F /* TuskUITests.swift in Sources */ = {isa = PBXBuildFile; fileRef = 73EAEC78211E41AA00C2620F /* TuskUITests.swift */; };
		73FBF8B3212DBF10009B2619 /* AccountsState.swift in Sources */ = {isa = PBXBuildFile; fileRef = 73FBF8B2212DBF10009B2619 /* AccountsState.swift */; };
		73FBF8B4212DBF10009B2619 /* AccountsState.swift in Sources */ = {isa = PBXBuildFile; fileRef = 73FBF8B2212DBF10009B2619 /* AccountsState.swift */; };
		73FBF8B5212DBF10009B2619 /* AccountsState.swift in Sources */ = {isa = PBXBuildFile; fileRef = 73FBF8B2212DBF10009B2619 /* AccountsState.swift */; };
		73FBF8B7212DD42B009B2619 /* AccountStatusesViewController.swift in Sources */ = {isa = PBXBuildFile; fileRef = 73FBF8B6212DD42B009B2619 /* AccountStatusesViewController.swift */; };
		73FBF8B8212DD42B009B2619 /* AccountStatusesViewController.swift in Sources */ = {isa = PBXBuildFile; fileRef = 73FBF8B6212DD42B009B2619 /* AccountStatusesViewController.swift */; };
		73FBF8B9212DD42B009B2619 /* AccountStatusesViewController.swift in Sources */ = {isa = PBXBuildFile; fileRef = 73FBF8B6212DD42B009B2619 /* AccountStatusesViewController.swift */; };
		73FBF8BB212E11CD009B2619 /* Sequence+Deduplication.swift in Sources */ = {isa = PBXBuildFile; fileRef = 73FBF8BA212E11CD009B2619 /* Sequence+Deduplication.swift */; };
		73FBF8BC212E11CD009B2619 /* Sequence+Deduplication.swift in Sources */ = {isa = PBXBuildFile; fileRef = 73FBF8BA212E11CD009B2619 /* Sequence+Deduplication.swift */; };
		73FBF8BD212E11CD009B2619 /* Sequence+Deduplication.swift in Sources */ = {isa = PBXBuildFile; fileRef = 73FBF8BA212E11CD009B2619 /* Sequence+Deduplication.swift */; };
		A03C3893F90298C9F18476FB /* Pods_Tusk.framework in Frameworks */ = {isa = PBXBuildFile; fileRef = 4FC44596763C87A77F44C5A9 /* Pods_Tusk.framework */; };
/* End PBXBuildFile section */

/* Begin PBXContainerItemProxy section */
		73EAEC6A211E41AA00C2620F /* PBXContainerItemProxy */ = {
			isa = PBXContainerItemProxy;
			containerPortal = 73EAEC4B211E41A900C2620F /* Project object */;
			proxyType = 1;
			remoteGlobalIDString = 73EAEC52211E41A900C2620F;
			remoteInfo = Tusk;
		};
		73EAEC75211E41AA00C2620F /* PBXContainerItemProxy */ = {
			isa = PBXContainerItemProxy;
			containerPortal = 73EAEC4B211E41A900C2620F /* Project object */;
			proxyType = 1;
			remoteGlobalIDString = 73EAEC52211E41A900C2620F;
			remoteInfo = Tusk;
		};
/* End PBXContainerItemProxy section */

/* Begin PBXFileReference section */
		0C08DAA0AB03A6FCA7564ECA /* Pods-TuskTests.debug.xcconfig */ = {isa = PBXFileReference; includeInIndex = 1; lastKnownFileType = text.xcconfig; name = "Pods-TuskTests.debug.xcconfig"; path = "Pods/Target Support Files/Pods-TuskTests/Pods-TuskTests.debug.xcconfig"; sourceTree = "<group>"; };
		27E8FF97B389C231E1BF2689 /* Pods_TuskUITests.framework */ = {isa = PBXFileReference; explicitFileType = wrapper.framework; includeInIndex = 0; path = Pods_TuskUITests.framework; sourceTree = BUILT_PRODUCTS_DIR; };
		297B24945DF67AFFA7087485 /* Pods-Tusk.debug.xcconfig */ = {isa = PBXFileReference; includeInIndex = 1; lastKnownFileType = text.xcconfig; name = "Pods-Tusk.debug.xcconfig"; path = "Pods/Target Support Files/Pods-Tusk/Pods-Tusk.debug.xcconfig"; sourceTree = "<group>"; };
		4FC44596763C87A77F44C5A9 /* Pods_Tusk.framework */ = {isa = PBXFileReference; explicitFileType = wrapper.framework; includeInIndex = 0; path = Pods_Tusk.framework; sourceTree = BUILT_PRODUCTS_DIR; };
		519EDD4E276FC10DD034A1CB /* Pods-TuskTests.release.xcconfig */ = {isa = PBXFileReference; includeInIndex = 1; lastKnownFileType = text.xcconfig; name = "Pods-TuskTests.release.xcconfig"; path = "Pods/Target Support Files/Pods-TuskTests/Pods-TuskTests.release.xcconfig"; sourceTree = "<group>"; };
		5C1B803EF892DFEAE3605A34 /* Pods_TuskTests.framework */ = {isa = PBXFileReference; explicitFileType = wrapper.framework; includeInIndex = 0; path = Pods_TuskTests.framework; sourceTree = BUILT_PRODUCTS_DIR; };
		668186435AD8DAB8214EBAE6 /* Pods-TuskUITests.debug.xcconfig */ = {isa = PBXFileReference; includeInIndex = 1; lastKnownFileType = text.xcconfig; name = "Pods-TuskUITests.debug.xcconfig"; path = "Pods/Target Support Files/Pods-TuskUITests/Pods-TuskUITests.debug.xcconfig"; sourceTree = "<group>"; };
		73022FEE212E245800BC1E9A /* FollowsViewController.swift */ = {isa = PBXFileReference; lastKnownFileType = sourcecode.swift; path = FollowsViewController.swift; sourceTree = "<group>"; };
		73022FF2212E2AD600BC1E9A /* FollowCellView.swift */ = {isa = PBXFileReference; lastKnownFileType = sourcecode.swift; path = FollowCellView.swift; sourceTree = "<group>"; };
		73022FF6212F1B1B00BC1E9A /* AvatarView.swift */ = {isa = PBXFileReference; lastKnownFileType = sourcecode.swift; path = AvatarView.swift; sourceTree = "<group>"; };
		73022FFA212F1C5600BC1E9A /* UIView+Layout.swift */ = {isa = PBXFileReference; lastKnownFileType = sourcecode.swift; path = "UIView+Layout.swift"; sourceTree = "<group>"; };
		73022FFE212F2CF500BC1E9A /* EnvVars.swift */ = {isa = PBXFileReference; lastKnownFileType = sourcecode.swift; path = EnvVars.swift; sourceTree = "<group>"; };
		73023002212F535000BC1E9A /* ContextState.swift */ = {isa = PBXFileReference; lastKnownFileType = sourcecode.swift; path = ContextState.swift; sourceTree = "<group>"; };
		73023006212F55BD00BC1E9A /* ContextsState.swift */ = {isa = PBXFileReference; lastKnownFileType = sourcecode.swift; path = ContextsState.swift; sourceTree = "<group>"; };
		7302300A212F594000BC1E9A /* ContextViewController.swift */ = {isa = PBXFileReference; lastKnownFileType = sourcecode.swift; path = ContextViewController.swift; sourceTree = "<group>"; };
		7302300E213063CD00BC1E9A /* FieldViewCell.xib */ = {isa = PBXFileReference; lastKnownFileType = file.xib; path = FieldViewCell.xib; sourceTree = "<group>"; };
		730230122130682A00BC1E9A /* UITableView+CellNib.swift */ = {isa = PBXFileReference; lastKnownFileType = sourcecode.swift; path = "UITableView+CellNib.swift"; sourceTree = "<group>"; };
		73208E77212A252000529FA3 /* StatusActionViewCell.swift */ = {isa = PBXFileReference; lastKnownFileType = sourcecode.swift; path = StatusActionViewCell.swift; sourceTree = "<group>"; };
		73208E7B212A252900529FA3 /* StatusActionViewCell.xib */ = {isa = PBXFileReference; lastKnownFileType = file.xib; path = StatusActionViewCell.xib; sourceTree = "<group>"; };
		73208E80212A3B3100529FA3 /* TimelineViewController.swift */ = {isa = PBXFileReference; lastKnownFileType = sourcecode.swift; path = TimelineViewController.swift; sourceTree = "<group>"; };
		73208E84212A41A400529FA3 /* TableViewCell.swift */ = {isa = PBXFileReference; lastKnownFileType = sourcecode.swift; path = TableViewCell.swift; sourceTree = "<group>"; };
		73208E88212B290500529FA3 /* MentionsState.swift */ = {isa = PBXFileReference; lastKnownFileType = sourcecode.swift; path = MentionsState.swift; sourceTree = "<group>"; };
		73208E8D212B2A9C00529FA3 /* StatusesState.swift */ = {isa = PBXFileReference; lastKnownFileType = sourcecode.swift; path = StatusesState.swift; sourceTree = "<group>"; };
		73208E91212B316900529FA3 /* StatusesContainerViewController.swift */ = {isa = PBXFileReference; lastKnownFileType = sourcecode.swift; path = StatusesContainerViewController.swift; sourceTree = "<group>"; };
		73208E95212B319B00529FA3 /* MentionsViewController.swift */ = {isa = PBXFileReference; lastKnownFileType = sourcecode.swift; path = MentionsViewController.swift; sourceTree = "<group>"; };
		73208E99212B753C00529FA3 /* MessagesViewController.swift */ = {isa = PBXFileReference; lastKnownFileType = sourcecode.swift; path = MessagesViewController.swift; sourceTree = "<group>"; };
		73208EA9212C750600529FA3 /* TableContainerViewController.swift */ = {isa = PBXFileReference; lastKnownFileType = sourcecode.swift; path = TableContainerViewController.swift; sourceTree = "<group>"; };
		73208EB9212CC2AF00529FA3 /* AccountState.swift */ = {isa = PBXFileReference; lastKnownFileType = sourcecode.swift; path = AccountState.swift; sourceTree = "<group>"; };
		732557F52125C63000ED1AF3 /* AuthFlowUIHandler.swift */ = {isa = PBXFileReference; lastKnownFileType = sourcecode.swift; path = AuthFlowUIHandler.swift; sourceTree = "<group>"; };
		732557FA2125D0EB00ED1AF3 /* UIImage+Insets.swift */ = {isa = PBXFileReference; lastKnownFileType = sourcecode.swift; path = "UIImage+Insets.swift"; sourceTree = "<group>"; };
		732BE20C211F4ACE0049ADBD /* TimelineState.swift */ = {isa = PBXFileReference; lastKnownFileType = sourcecode.swift; path = TimelineState.swift; sourceTree = "<group>"; };
		732BE210211F93860049ADBD /* NotificationsState.swift */ = {isa = PBXFileReference; lastKnownFileType = sourcecode.swift; path = NotificationsState.swift; sourceTree = "<group>"; };
		732BE218211F96600049ADBD /* MessagesState.swift */ = {isa = PBXFileReference; lastKnownFileType = sourcecode.swift; path = MessagesState.swift; sourceTree = "<group>"; };
		732BE22621208EA40049ADBD /* ActiveAccountViewController.swift */ = {isa = PBXFileReference; lastKnownFileType = sourcecode.swift; path = ActiveAccountViewController.swift; sourceTree = "<group>"; };
		732BE22E2120A9690049ADBD /* TabViewController.swift */ = {isa = PBXFileReference; lastKnownFileType = sourcecode.swift; path = TabViewController.swift; sourceTree = "<group>"; };
		732BE2332120CC610049ADBD /* PaginatingTableViewController.swift */ = {isa = PBXFileReference; lastKnownFileType = sourcecode.swift; path = PaginatingTableViewController.swift; sourceTree = "<group>"; };
		732BE2402121F0BA0049ADBD /* PaginatableState.swift */ = {isa = PBXFileReference; lastKnownFileType = sourcecode.swift; path = PaginatableState.swift; sourceTree = "<group>"; };
		732BE244212222460049ADBD /* StatusViewCell.xib */ = {isa = PBXFileReference; lastKnownFileType = file.xib; path = StatusViewCell.xib; sourceTree = "<group>"; };
		732BE248212222500049ADBD /* StatusViewCell.swift */ = {isa = PBXFileReference; lastKnownFileType = sourcecode.swift; path = StatusViewCell.swift; sourceTree = "<group>"; };
		732BE24D2122240D0049ADBD /* ImageView.swift */ = {isa = PBXFileReference; lastKnownFileType = sourcecode.swift; path = ImageView.swift; sourceTree = "<group>"; };
		732BE251212233A30049ADBD /* TextView.swift */ = {isa = PBXFileReference; lastKnownFileType = sourcecode.swift; path = TextView.swift; sourceTree = "<group>"; };
		732BE259212327350049ADBD /* NotificationViewCell.xib */ = {isa = PBXFileReference; lastKnownFileType = file.xib; path = NotificationViewCell.xib; sourceTree = "<group>"; };
		732BE25D212327490049ADBD /* NotificationViewCell.swift */ = {isa = PBXFileReference; lastKnownFileType = sourcecode.swift; path = NotificationViewCell.swift; sourceTree = "<group>"; };
		732BE261212338EA0049ADBD /* TimestampLabel.swift */ = {isa = PBXFileReference; lastKnownFileType = sourcecode.swift; path = TimestampLabel.swift; sourceTree = "<group>"; };
		732BE265212345080049ADBD /* AccountViewController.swift */ = {isa = PBXFileReference; lastKnownFileType = sourcecode.swift; path = AccountViewController.swift; sourceTree = "<group>"; };
		732BE27121238FA50049ADBD /* FieldViewCell.swift */ = {isa = PBXFileReference; lastKnownFileType = sourcecode.swift; path = FieldViewCell.swift; sourceTree = "<group>"; };
		732BE2782123972F0049ADBD /* MastodonKit+Accessors.swift */ = {isa = PBXFileReference; fileEncoding = 4; lastKnownFileType = sourcecode.swift; name = "MastodonKit+Accessors.swift"; path = "Tusk/Extensions/MastodonKit+Accessors.swift"; sourceTree = SOURCE_ROOT; };
		732BE2792123972F0049ADBD /* MastodonKit+Comparable.swift */ = {isa = PBXFileReference; fileEncoding = 4; lastKnownFileType = sourcecode.swift; name = "MastodonKit+Comparable.swift"; path = "Tusk/Extensions/MastodonKit+Comparable.swift"; sourceTree = SOURCE_ROOT; };
		732BE288212485890049ADBD /* CaseIterable.swift */ = {isa = PBXFileReference; lastKnownFileType = sourcecode.swift; name = CaseIterable.swift; path = Tusk/Extensions/CaseIterable.swift; sourceTree = SOURCE_ROOT; };
		7379C5B4211F3D4B003BEB84 /* AppState.swift */ = {isa = PBXFileReference; lastKnownFileType = sourcecode.swift; path = AppState.swift; sourceTree = "<group>"; };
		7379C5B9211F4180003BEB84 /* AuthState.swift */ = {isa = PBXFileReference; lastKnownFileType = sourcecode.swift; path = AuthState.swift; sourceTree = "<group>"; };
		739426DA21272A5F005CBEDA /* ImageAttachmentViewCell.xib */ = {isa = PBXFileReference; lastKnownFileType = file.xib; path = ImageAttachmentViewCell.xib; sourceTree = "<group>"; };
		739426DE21272A9C005CBEDA /* ImageAttachmentViewCell.swift */ = {isa = PBXFileReference; lastKnownFileType = sourcecode.swift; path = ImageAttachmentViewCell.swift; sourceTree = "<group>"; };
		739426E221288375005CBEDA /* AttachmentsViewController.swift */ = {isa = PBXFileReference; lastKnownFileType = sourcecode.swift; path = AttachmentsViewController.swift; sourceTree = "<group>"; };
		739426E62128D0DD005CBEDA /* ToggleLayoutConstraint.swift */ = {isa = PBXFileReference; lastKnownFileType = sourcecode.swift; path = ToggleLayoutConstraint.swift; sourceTree = "<group>"; };
		73CBAE382124EBB70048462A /* NSAttributedString+HTML.swift */ = {isa = PBXFileReference; lastKnownFileType = sourcecode.swift; path = "NSAttributedString+HTML.swift"; sourceTree = "<group>"; };
		73EAEC53211E41A900C2620F /* Tusk.app */ = {isa = PBXFileReference; explicitFileType = wrapper.application; includeInIndex = 0; path = Tusk.app; sourceTree = BUILT_PRODUCTS_DIR; };
		73EAEC56211E41A900C2620F /* AppDelegate.swift */ = {isa = PBXFileReference; lastKnownFileType = sourcecode.swift; path = AppDelegate.swift; sourceTree = "<group>"; };
		73EAEC58211E41A900C2620F /* StatusesViewController.swift */ = {isa = PBXFileReference; lastKnownFileType = sourcecode.swift; path = StatusesViewController.swift; sourceTree = "<group>"; };
		73EAEC5A211E41A900C2620F /* NotificationsViewController.swift */ = {isa = PBXFileReference; lastKnownFileType = sourcecode.swift; path = NotificationsViewController.swift; sourceTree = "<group>"; };
		73EAEC5D211E41A900C2620F /* Base */ = {isa = PBXFileReference; lastKnownFileType = file.storyboard; name = Base; path = Base.lproj/Main.storyboard; sourceTree = "<group>"; };
		73EAEC5F211E41AA00C2620F /* Assets.xcassets */ = {isa = PBXFileReference; lastKnownFileType = folder.assetcatalog; path = Assets.xcassets; sourceTree = "<group>"; };
		73EAEC62211E41AA00C2620F /* Base */ = {isa = PBXFileReference; lastKnownFileType = file.storyboard; name = Base; path = Base.lproj/LaunchScreen.storyboard; sourceTree = "<group>"; };
		73EAEC64211E41AA00C2620F /* Info.plist */ = {isa = PBXFileReference; lastKnownFileType = text.plist.xml; path = Info.plist; sourceTree = "<group>"; };
		73EAEC69211E41AA00C2620F /* TuskTests.xctest */ = {isa = PBXFileReference; explicitFileType = wrapper.cfbundle; includeInIndex = 0; path = TuskTests.xctest; sourceTree = BUILT_PRODUCTS_DIR; };
		73EAEC6D211E41AA00C2620F /* TuskTests.swift */ = {isa = PBXFileReference; lastKnownFileType = sourcecode.swift; path = TuskTests.swift; sourceTree = "<group>"; };
		73EAEC6F211E41AA00C2620F /* Info.plist */ = {isa = PBXFileReference; lastKnownFileType = text.plist.xml; path = Info.plist; sourceTree = "<group>"; };
		73EAEC74211E41AA00C2620F /* TuskUITests.xctest */ = {isa = PBXFileReference; explicitFileType = wrapper.cfbundle; includeInIndex = 0; path = TuskUITests.xctest; sourceTree = BUILT_PRODUCTS_DIR; };
		73EAEC78211E41AA00C2620F /* TuskUITests.swift */ = {isa = PBXFileReference; lastKnownFileType = sourcecode.swift; path = TuskUITests.swift; sourceTree = "<group>"; };
		73EAEC7A211E41AA00C2620F /* Info.plist */ = {isa = PBXFileReference; lastKnownFileType = text.plist.xml; path = Info.plist; sourceTree = "<group>"; };
		73FBF8B2212DBF10009B2619 /* AccountsState.swift */ = {isa = PBXFileReference; lastKnownFileType = sourcecode.swift; path = AccountsState.swift; sourceTree = "<group>"; };
		73FBF8B6212DD42B009B2619 /* AccountStatusesViewController.swift */ = {isa = PBXFileReference; lastKnownFileType = sourcecode.swift; path = AccountStatusesViewController.swift; sourceTree = "<group>"; };
		73FBF8BA212E11CD009B2619 /* Sequence+Deduplication.swift */ = {isa = PBXFileReference; lastKnownFileType = sourcecode.swift; path = "Sequence+Deduplication.swift"; sourceTree = "<group>"; };
		7EDDF3DADBD7E280D5589EB3 /* Pods-Tusk.release.xcconfig */ = {isa = PBXFileReference; includeInIndex = 1; lastKnownFileType = text.xcconfig; name = "Pods-Tusk.release.xcconfig"; path = "Pods/Target Support Files/Pods-Tusk/Pods-Tusk.release.xcconfig"; sourceTree = "<group>"; };
		D0999BA8B9CF151761658767 /* Pods-TuskUITests.release.xcconfig */ = {isa = PBXFileReference; includeInIndex = 1; lastKnownFileType = text.xcconfig; name = "Pods-TuskUITests.release.xcconfig"; path = "Pods/Target Support Files/Pods-TuskUITests/Pods-TuskUITests.release.xcconfig"; sourceTree = "<group>"; };
/* End PBXFileReference section */

/* Begin PBXFrameworksBuildPhase section */
		73EAEC50211E41A900C2620F /* Frameworks */ = {
			isa = PBXFrameworksBuildPhase;
			buildActionMask = 2147483647;
			files = (
				A03C3893F90298C9F18476FB /* Pods_Tusk.framework in Frameworks */,
			);
			runOnlyForDeploymentPostprocessing = 0;
		};
		73EAEC66211E41AA00C2620F /* Frameworks */ = {
			isa = PBXFrameworksBuildPhase;
			buildActionMask = 2147483647;
			files = (
				0F961AB861EC2B34A68DC3D6 /* Pods_TuskTests.framework in Frameworks */,
			);
			runOnlyForDeploymentPostprocessing = 0;
		};
		73EAEC71211E41AA00C2620F /* Frameworks */ = {
			isa = PBXFrameworksBuildPhase;
			buildActionMask = 2147483647;
			files = (
				5CAFB9310DA93F9007869142 /* Pods_TuskUITests.framework in Frameworks */,
			);
			runOnlyForDeploymentPostprocessing = 0;
		};
/* End PBXFrameworksBuildPhase section */

/* Begin PBXGroup section */
		73208E7F212A3B2100529FA3 /* Reusable */ = {
			isa = PBXGroup;
			children = (
				732BE265212345080049ADBD /* AccountViewController.swift */,
				73FBF8B6212DD42B009B2619 /* AccountStatusesViewController.swift */,
				73208E91212B316900529FA3 /* StatusesContainerViewController.swift */,
				73EAEC58211E41A900C2620F /* StatusesViewController.swift */,
				73022FEE212E245800BC1E9A /* FollowsViewController.swift */,
				739426E221288375005CBEDA /* AttachmentsViewController.swift */,
				73208EA9212C750600529FA3 /* TableContainerViewController.swift */,
				7302300A212F594000BC1E9A /* ContextViewController.swift */,
			);
			path = Reusable;
			sourceTree = "<group>";
		};
		73208E8C212B2A8600529FA3 /* Composable */ = {
			isa = PBXGroup;
			children = (
				732BE2402121F0BA0049ADBD /* PaginatableState.swift */,
				73208E8D212B2A9C00529FA3 /* StatusesState.swift */,
			);
			path = Composable;
			sourceTree = "<group>";
		};
		732558002125D49C00ED1AF3 /* UI Handlers */ = {
			isa = PBXGroup;
			children = (
				732557F52125C63000ED1AF3 /* AuthFlowUIHandler.swift */,
			);
			path = "UI Handlers";
			sourceTree = "<group>";
		};
		732BE2322120CC2F0049ADBD /* Views */ = {
			isa = PBXGroup;
			children = (
				732558002125D49C00ED1AF3 /* UI Handlers */,
				732BE24C212223F80049ADBD /* Cells */,
				732BE2332120CC610049ADBD /* PaginatingTableViewController.swift */,
				732BE24D2122240D0049ADBD /* ImageView.swift */,
				732BE251212233A30049ADBD /* TextView.swift */,
				732BE261212338EA0049ADBD /* TimestampLabel.swift */,
				739426E62128D0DD005CBEDA /* ToggleLayoutConstraint.swift */,
				73022FF6212F1B1B00BC1E9A /* AvatarView.swift */,
			);
			path = Views;
			sourceTree = "<group>";
		};
		732BE23B2120D5040049ADBD /* Extensions */ = {
			isa = PBXGroup;
			children = (
				732BE2782123972F0049ADBD /* MastodonKit+Accessors.swift */,
				732BE2792123972F0049ADBD /* MastodonKit+Comparable.swift */,
				732BE288212485890049ADBD /* CaseIterable.swift */,
				73CBAE382124EBB70048462A /* NSAttributedString+HTML.swift */,
				732557FA2125D0EB00ED1AF3 /* UIImage+Insets.swift */,
				73FBF8BA212E11CD009B2619 /* Sequence+Deduplication.swift */,
				73022FFA212F1C5600BC1E9A /* UIView+Layout.swift */,
				73022FFE212F2CF500BC1E9A /* EnvVars.swift */,
				730230122130682A00BC1E9A /* UITableView+CellNib.swift */,
			);
			path = Extensions;
			sourceTree = "<group>";
		};
		732BE24C212223F80049ADBD /* Cells */ = {
			isa = PBXGroup;
			children = (
				732BE248212222500049ADBD /* StatusViewCell.swift */,
				732BE244212222460049ADBD /* StatusViewCell.xib */,
				73208E77212A252000529FA3 /* StatusActionViewCell.swift */,
				73208E7B212A252900529FA3 /* StatusActionViewCell.xib */,
				732BE25D212327490049ADBD /* NotificationViewCell.swift */,
				732BE259212327350049ADBD /* NotificationViewCell.xib */,
				732BE27121238FA50049ADBD /* FieldViewCell.swift */,
				7302300E213063CD00BC1E9A /* FieldViewCell.xib */,
				73022FF2212E2AD600BC1E9A /* FollowCellView.swift */,
				739426DE21272A9C005CBEDA /* ImageAttachmentViewCell.swift */,
				739426DA21272A5F005CBEDA /* ImageAttachmentViewCell.xib */,
				73208E84212A41A400529FA3 /* TableViewCell.swift */,
			);
			path = Cells;
			sourceTree = "<group>";
		};
		7379C5AA211E6D89003BEB84 /* View Controllers */ = {
			isa = PBXGroup;
			children = (
				732BE22E2120A9690049ADBD /* TabViewController.swift */,
				73208E80212A3B3100529FA3 /* TimelineViewController.swift */,
				73208E95212B319B00529FA3 /* MentionsViewController.swift */,
				73208E99212B753C00529FA3 /* MessagesViewController.swift */,
				73EAEC5A211E41A900C2620F /* NotificationsViewController.swift */,
				732BE22621208EA40049ADBD /* ActiveAccountViewController.swift */,
				73208E7F212A3B2100529FA3 /* Reusable */,
				73EAEC5C211E41A900C2620F /* Main.storyboard */,
			);
			path = "View Controllers";
			sourceTree = "<group>";
		};
		7379C5B8211F3D4E003BEB84 /* States */ = {
			isa = PBXGroup;
			children = (
				7379C5B4211F3D4B003BEB84 /* AppState.swift */,
				7379C5B9211F4180003BEB84 /* AuthState.swift */,
				732BE20C211F4ACE0049ADBD /* TimelineState.swift */,
				73208E88212B290500529FA3 /* MentionsState.swift */,
				732BE218211F96600049ADBD /* MessagesState.swift */,
				732BE210211F93860049ADBD /* NotificationsState.swift */,
				73FBF8B2212DBF10009B2619 /* AccountsState.swift */,
				73208EB9212CC2AF00529FA3 /* AccountState.swift */,
				73023006212F55BD00BC1E9A /* ContextsState.swift */,
				73023002212F535000BC1E9A /* ContextState.swift */,
				73208E8C212B2A8600529FA3 /* Composable */,
			);
			path = States;
			sourceTree = "<group>";
		};
		73EAEC4A211E41A900C2620F = {
			isa = PBXGroup;
			children = (
				73EAEC55211E41A900C2620F /* Tusk */,
				73EAEC6C211E41AA00C2620F /* TuskTests */,
				73EAEC77211E41AA00C2620F /* TuskUITests */,
				73EAEC54211E41A900C2620F /* Products */,
				79E79A2644AEDD03F17D8F48 /* Pods */,
				EDDF43DB9F9A610ADBF78570 /* Frameworks */,
			);
			sourceTree = "<group>";
		};
		73EAEC54211E41A900C2620F /* Products */ = {
			isa = PBXGroup;
			children = (
				73EAEC53211E41A900C2620F /* Tusk.app */,
				73EAEC69211E41AA00C2620F /* TuskTests.xctest */,
				73EAEC74211E41AA00C2620F /* TuskUITests.xctest */,
			);
			name = Products;
			sourceTree = "<group>";
		};
		73EAEC55211E41A900C2620F /* Tusk */ = {
			isa = PBXGroup;
			children = (
				73EAEC56211E41A900C2620F /* AppDelegate.swift */,
				7379C5AA211E6D89003BEB84 /* View Controllers */,
				732BE2322120CC2F0049ADBD /* Views */,
				7379C5B8211F3D4E003BEB84 /* States */,
				73EAEC5F211E41AA00C2620F /* Assets.xcassets */,
				73EAEC61211E41AA00C2620F /* LaunchScreen.storyboard */,
				73EAEC64211E41AA00C2620F /* Info.plist */,
				732BE23B2120D5040049ADBD /* Extensions */,
			);
			path = Tusk;
			sourceTree = "<group>";
		};
		73EAEC6C211E41AA00C2620F /* TuskTests */ = {
			isa = PBXGroup;
			children = (
				73EAEC6D211E41AA00C2620F /* TuskTests.swift */,
				73EAEC6F211E41AA00C2620F /* Info.plist */,
			);
			path = TuskTests;
			sourceTree = "<group>";
		};
		73EAEC77211E41AA00C2620F /* TuskUITests */ = {
			isa = PBXGroup;
			children = (
				73EAEC78211E41AA00C2620F /* TuskUITests.swift */,
				73EAEC7A211E41AA00C2620F /* Info.plist */,
			);
			path = TuskUITests;
			sourceTree = "<group>";
		};
		79E79A2644AEDD03F17D8F48 /* Pods */ = {
			isa = PBXGroup;
			children = (
				297B24945DF67AFFA7087485 /* Pods-Tusk.debug.xcconfig */,
				7EDDF3DADBD7E280D5589EB3 /* Pods-Tusk.release.xcconfig */,
				0C08DAA0AB03A6FCA7564ECA /* Pods-TuskTests.debug.xcconfig */,
				519EDD4E276FC10DD034A1CB /* Pods-TuskTests.release.xcconfig */,
				668186435AD8DAB8214EBAE6 /* Pods-TuskUITests.debug.xcconfig */,
				D0999BA8B9CF151761658767 /* Pods-TuskUITests.release.xcconfig */,
			);
			name = Pods;
			sourceTree = "<group>";
		};
		EDDF43DB9F9A610ADBF78570 /* Frameworks */ = {
			isa = PBXGroup;
			children = (
				4FC44596763C87A77F44C5A9 /* Pods_Tusk.framework */,
				5C1B803EF892DFEAE3605A34 /* Pods_TuskTests.framework */,
				27E8FF97B389C231E1BF2689 /* Pods_TuskUITests.framework */,
			);
			name = Frameworks;
			sourceTree = "<group>";
		};
/* End PBXGroup section */

/* Begin PBXNativeTarget section */
		73EAEC52211E41A900C2620F /* Tusk */ = {
			isa = PBXNativeTarget;
			buildConfigurationList = 73EAEC7D211E41AA00C2620F /* Build configuration list for PBXNativeTarget "Tusk" */;
			buildPhases = (
				261F29198539DCF911C25853 /* [CP] Check Pods Manifest.lock */,
				73EAEC4F211E41A900C2620F /* Sources */,
				73EAEC50211E41A900C2620F /* Frameworks */,
				73EAEC51211E41A900C2620F /* Resources */,
				735BAEFBC6CC7EF2437B240E /* [CP] Embed Pods Frameworks */,
			);
			buildRules = (
			);
			dependencies = (
			);
			name = Tusk;
			productName = Tusk;
			productReference = 73EAEC53211E41A900C2620F /* Tusk.app */;
			productType = "com.apple.product-type.application";
		};
		73EAEC68211E41AA00C2620F /* TuskTests */ = {
			isa = PBXNativeTarget;
			buildConfigurationList = 73EAEC80211E41AA00C2620F /* Build configuration list for PBXNativeTarget "TuskTests" */;
			buildPhases = (
				DC1B7019A8B9A40BA5EC5DDE /* [CP] Check Pods Manifest.lock */,
				73EAEC65211E41AA00C2620F /* Sources */,
				73EAEC66211E41AA00C2620F /* Frameworks */,
				73EAEC67211E41AA00C2620F /* Resources */,
			);
			buildRules = (
			);
			dependencies = (
				73EAEC6B211E41AA00C2620F /* PBXTargetDependency */,
			);
			name = TuskTests;
			productName = TuskTests;
			productReference = 73EAEC69211E41AA00C2620F /* TuskTests.xctest */;
			productType = "com.apple.product-type.bundle.unit-test";
		};
		73EAEC73211E41AA00C2620F /* TuskUITests */ = {
			isa = PBXNativeTarget;
			buildConfigurationList = 73EAEC83211E41AA00C2620F /* Build configuration list for PBXNativeTarget "TuskUITests" */;
			buildPhases = (
				FE505E6089B05111D2E33691 /* [CP] Check Pods Manifest.lock */,
				73EAEC70211E41AA00C2620F /* Sources */,
				73EAEC71211E41AA00C2620F /* Frameworks */,
				73EAEC72211E41AA00C2620F /* Resources */,
			);
			buildRules = (
			);
			dependencies = (
				73EAEC76211E41AA00C2620F /* PBXTargetDependency */,
			);
			name = TuskUITests;
			productName = TuskUITests;
			productReference = 73EAEC74211E41AA00C2620F /* TuskUITests.xctest */;
			productType = "com.apple.product-type.bundle.ui-testing";
		};
/* End PBXNativeTarget section */

/* Begin PBXProject section */
		73EAEC4B211E41A900C2620F /* Project object */ = {
			isa = PBXProject;
			attributes = {
				LastSwiftUpdateCheck = 0940;
				LastUpgradeCheck = 0940;
				ORGANIZATIONNAME = "Patrick Perini";
				TargetAttributes = {
					73EAEC52211E41A900C2620F = {
						CreatedOnToolsVersion = 9.4.1;
					};
					73EAEC68211E41AA00C2620F = {
						CreatedOnToolsVersion = 9.4.1;
						TestTargetID = 73EAEC52211E41A900C2620F;
					};
					73EAEC73211E41AA00C2620F = {
						CreatedOnToolsVersion = 9.4.1;
						TestTargetID = 73EAEC52211E41A900C2620F;
					};
				};
			};
			buildConfigurationList = 73EAEC4E211E41A900C2620F /* Build configuration list for PBXProject "Tusk" */;
			compatibilityVersion = "Xcode 9.3";
			developmentRegion = en;
			hasScannedForEncodings = 0;
			knownRegions = (
				en,
				Base,
			);
			mainGroup = 73EAEC4A211E41A900C2620F;
			productRefGroup = 73EAEC54211E41A900C2620F /* Products */;
			projectDirPath = "";
			projectRoot = "";
			targets = (
				73EAEC52211E41A900C2620F /* Tusk */,
				73EAEC68211E41AA00C2620F /* TuskTests */,
				73EAEC73211E41AA00C2620F /* TuskUITests */,
			);
		};
/* End PBXProject section */

/* Begin PBXResourcesBuildPhase section */
		73EAEC51211E41A900C2620F /* Resources */ = {
			isa = PBXResourcesBuildPhase;
			buildActionMask = 2147483647;
			files = (
				73EAEC63211E41AA00C2620F /* LaunchScreen.storyboard in Resources */,
				7302300F213063CD00BC1E9A /* FieldViewCell.xib in Resources */,
				739426DB21272A5F005CBEDA /* ImageAttachmentViewCell.xib in Resources */,
				732BE25A212327350049ADBD /* NotificationViewCell.xib in Resources */,
				73EAEC60211E41AA00C2620F /* Assets.xcassets in Resources */,
				732BE245212222460049ADBD /* StatusViewCell.xib in Resources */,
				73EAEC5E211E41A900C2620F /* Main.storyboard in Resources */,
				73208E7C212A252900529FA3 /* StatusActionViewCell.xib in Resources */,
			);
			runOnlyForDeploymentPostprocessing = 0;
		};
		73EAEC67211E41AA00C2620F /* Resources */ = {
			isa = PBXResourcesBuildPhase;
			buildActionMask = 2147483647;
			files = (
				732BE246212222460049ADBD /* StatusViewCell.xib in Resources */,
				739426DC21272A5F005CBEDA /* ImageAttachmentViewCell.xib in Resources */,
				73208E7D212A252900529FA3 /* StatusActionViewCell.xib in Resources */,
				732BE25B212327350049ADBD /* NotificationViewCell.xib in Resources */,
				73023010213063CD00BC1E9A /* FieldViewCell.xib in Resources */,
			);
			runOnlyForDeploymentPostprocessing = 0;
		};
		73EAEC72211E41AA00C2620F /* Resources */ = {
			isa = PBXResourcesBuildPhase;
			buildActionMask = 2147483647;
			files = (
				732BE247212222460049ADBD /* StatusViewCell.xib in Resources */,
				739426DD21272A5F005CBEDA /* ImageAttachmentViewCell.xib in Resources */,
				73208E7E212A252900529FA3 /* StatusActionViewCell.xib in Resources */,
				732BE25C212327350049ADBD /* NotificationViewCell.xib in Resources */,
				73023011213063CD00BC1E9A /* FieldViewCell.xib in Resources */,
			);
			runOnlyForDeploymentPostprocessing = 0;
		};
/* End PBXResourcesBuildPhase section */

/* Begin PBXShellScriptBuildPhase section */
		261F29198539DCF911C25853 /* [CP] Check Pods Manifest.lock */ = {
			isa = PBXShellScriptBuildPhase;
			buildActionMask = 2147483647;
			files = (
			);
			inputPaths = (
				"${PODS_PODFILE_DIR_PATH}/Podfile.lock",
				"${PODS_ROOT}/Manifest.lock",
			);
			name = "[CP] Check Pods Manifest.lock";
			outputPaths = (
				"$(DERIVED_FILE_DIR)/Pods-Tusk-checkManifestLockResult.txt",
			);
			runOnlyForDeploymentPostprocessing = 0;
			shellPath = /bin/sh;
			shellScript = "diff \"${PODS_PODFILE_DIR_PATH}/Podfile.lock\" \"${PODS_ROOT}/Manifest.lock\" > /dev/null\nif [ $? != 0 ] ; then\n    # print error to STDERR\n    echo \"error: The sandbox is not in sync with the Podfile.lock. Run 'pod install' or update your CocoaPods installation.\" >&2\n    exit 1\nfi\n# This output is used by Xcode 'outputs' to avoid re-running this script phase.\necho \"SUCCESS\" > \"${SCRIPT_OUTPUT_FILE_0}\"\n";
			showEnvVarsInLog = 0;
		};
		735BAEFBC6CC7EF2437B240E /* [CP] Embed Pods Frameworks */ = {
			isa = PBXShellScriptBuildPhase;
			buildActionMask = 2147483647;
			files = (
			);
			inputPaths = (
				"${SRCROOT}/Pods/Target Support Files/Pods-Tusk/Pods-Tusk-frameworks.sh",
				"${BUILT_PRODUCTS_DIR}/AFDateHelper/AFDateHelper.framework",
				"${BUILT_PRODUCTS_DIR}/Alamofire/Alamofire.framework",
				"${BUILT_PRODUCTS_DIR}/AlamofireImage/AlamofireImage.framework",
				"${BUILT_PRODUCTS_DIR}/AnimatedGIFImageSerialization/AnimatedGIFImageSerialization.framework",
				"${BUILT_PRODUCTS_DIR}/Cache/Cache.framework",
				"${BUILT_PRODUCTS_DIR}/DTCoreText/DTCoreText.framework",
				"${BUILT_PRODUCTS_DIR}/DTFoundation/DTFoundation.framework",
				"${BUILT_PRODUCTS_DIR}/Hue/Hue.framework",
				"${BUILT_PRODUCTS_DIR}/Imaginary/Imaginary.framework",
				"${BUILT_PRODUCTS_DIR}/KeychainAccess/KeychainAccess.framework",
				"${BUILT_PRODUCTS_DIR}/Lightbox/Lightbox.framework",
				"${BUILT_PRODUCTS_DIR}/MGSwipeTableCell/MGSwipeTableCell.framework",
				"${BUILT_PRODUCTS_DIR}/MastodonKit/MastodonKit.framework",
				"${BUILT_PRODUCTS_DIR}/ReSwift/ReSwift.framework",
			);
			name = "[CP] Embed Pods Frameworks";
			outputPaths = (
				"${TARGET_BUILD_DIR}/${FRAMEWORKS_FOLDER_PATH}/AFDateHelper.framework",
				"${TARGET_BUILD_DIR}/${FRAMEWORKS_FOLDER_PATH}/Alamofire.framework",
				"${TARGET_BUILD_DIR}/${FRAMEWORKS_FOLDER_PATH}/AlamofireImage.framework",
				"${TARGET_BUILD_DIR}/${FRAMEWORKS_FOLDER_PATH}/AnimatedGIFImageSerialization.framework",
				"${TARGET_BUILD_DIR}/${FRAMEWORKS_FOLDER_PATH}/Cache.framework",
				"${TARGET_BUILD_DIR}/${FRAMEWORKS_FOLDER_PATH}/DTCoreText.framework",
				"${TARGET_BUILD_DIR}/${FRAMEWORKS_FOLDER_PATH}/DTFoundation.framework",
				"${TARGET_BUILD_DIR}/${FRAMEWORKS_FOLDER_PATH}/Hue.framework",
				"${TARGET_BUILD_DIR}/${FRAMEWORKS_FOLDER_PATH}/Imaginary.framework",
				"${TARGET_BUILD_DIR}/${FRAMEWORKS_FOLDER_PATH}/KeychainAccess.framework",
				"${TARGET_BUILD_DIR}/${FRAMEWORKS_FOLDER_PATH}/Lightbox.framework",
				"${TARGET_BUILD_DIR}/${FRAMEWORKS_FOLDER_PATH}/MGSwipeTableCell.framework",
				"${TARGET_BUILD_DIR}/${FRAMEWORKS_FOLDER_PATH}/MastodonKit.framework",
				"${TARGET_BUILD_DIR}/${FRAMEWORKS_FOLDER_PATH}/ReSwift.framework",
			);
			runOnlyForDeploymentPostprocessing = 0;
			shellPath = /bin/sh;
			shellScript = "\"${SRCROOT}/Pods/Target Support Files/Pods-Tusk/Pods-Tusk-frameworks.sh\"\n";
			showEnvVarsInLog = 0;
		};
		DC1B7019A8B9A40BA5EC5DDE /* [CP] Check Pods Manifest.lock */ = {
			isa = PBXShellScriptBuildPhase;
			buildActionMask = 2147483647;
			files = (
			);
			inputPaths = (
				"${PODS_PODFILE_DIR_PATH}/Podfile.lock",
				"${PODS_ROOT}/Manifest.lock",
			);
			name = "[CP] Check Pods Manifest.lock";
			outputPaths = (
				"$(DERIVED_FILE_DIR)/Pods-TuskTests-checkManifestLockResult.txt",
			);
			runOnlyForDeploymentPostprocessing = 0;
			shellPath = /bin/sh;
			shellScript = "diff \"${PODS_PODFILE_DIR_PATH}/Podfile.lock\" \"${PODS_ROOT}/Manifest.lock\" > /dev/null\nif [ $? != 0 ] ; then\n    # print error to STDERR\n    echo \"error: The sandbox is not in sync with the Podfile.lock. Run 'pod install' or update your CocoaPods installation.\" >&2\n    exit 1\nfi\n# This output is used by Xcode 'outputs' to avoid re-running this script phase.\necho \"SUCCESS\" > \"${SCRIPT_OUTPUT_FILE_0}\"\n";
			showEnvVarsInLog = 0;
		};
		FE505E6089B05111D2E33691 /* [CP] Check Pods Manifest.lock */ = {
			isa = PBXShellScriptBuildPhase;
			buildActionMask = 2147483647;
			files = (
			);
			inputPaths = (
				"${PODS_PODFILE_DIR_PATH}/Podfile.lock",
				"${PODS_ROOT}/Manifest.lock",
			);
			name = "[CP] Check Pods Manifest.lock";
			outputPaths = (
				"$(DERIVED_FILE_DIR)/Pods-TuskUITests-checkManifestLockResult.txt",
			);
			runOnlyForDeploymentPostprocessing = 0;
			shellPath = /bin/sh;
			shellScript = "diff \"${PODS_PODFILE_DIR_PATH}/Podfile.lock\" \"${PODS_ROOT}/Manifest.lock\" > /dev/null\nif [ $? != 0 ] ; then\n    # print error to STDERR\n    echo \"error: The sandbox is not in sync with the Podfile.lock. Run 'pod install' or update your CocoaPods installation.\" >&2\n    exit 1\nfi\n# This output is used by Xcode 'outputs' to avoid re-running this script phase.\necho \"SUCCESS\" > \"${SCRIPT_OUTPUT_FILE_0}\"\n";
			showEnvVarsInLog = 0;
		};
/* End PBXShellScriptBuildPhase section */

/* Begin PBXSourcesBuildPhase section */
		73EAEC4F211E41A900C2620F /* Sources */ = {
			isa = PBXSourcesBuildPhase;
			buildActionMask = 2147483647;
			files = (
				73EAEC5B211E41A900C2620F /* NotificationsViewController.swift in Sources */,
				73023003212F535000BC1E9A /* ContextState.swift in Sources */,
				732BE289212485890049ADBD /* CaseIterable.swift in Sources */,
				732BE25E212327490049ADBD /* NotificationViewCell.swift in Sources */,
				7302300B212F594000BC1E9A /* ContextViewController.swift in Sources */,
				73EAEC57211E41A900C2620F /* AppDelegate.swift in Sources */,
				732BE22F2120A9690049ADBD /* TabViewController.swift in Sources */,
				73208E78212A252000529FA3 /* StatusActionViewCell.swift in Sources */,
				73FBF8B7212DD42B009B2619 /* AccountStatusesViewController.swift in Sources */,
				732BE20D211F4ACE0049ADBD /* TimelineState.swift in Sources */,
				739426E72128D0DD005CBEDA /* ToggleLayoutConstraint.swift in Sources */,
				732BE262212338EA0049ADBD /* TimestampLabel.swift in Sources */,
				732BE24E2122240D0049ADBD /* ImageView.swift in Sources */,
				73208E96212B319B00529FA3 /* MentionsViewController.swift in Sources */,
				732BE27E2123972F0049ADBD /* MastodonKit+Comparable.swift in Sources */,
				732557F62125C63100ED1AF3 /* AuthFlowUIHandler.swift in Sources */,
				73022FFB212F1C5600BC1E9A /* UIView+Layout.swift in Sources */,
				732BE211211F93860049ADBD /* NotificationsState.swift in Sources */,
				7379C5BA211F4180003BEB84 /* AuthState.swift in Sources */,
				739426E321288375005CBEDA /* AttachmentsViewController.swift in Sources */,
				73EAEC59211E41A900C2620F /* StatusesViewController.swift in Sources */,
				73208E85212A41A400529FA3 /* TableViewCell.swift in Sources */,
				732BE27221238FA50049ADBD /* FieldViewCell.swift in Sources */,
				730230132130682A00BC1E9A /* UITableView+CellNib.swift in Sources */,
				732BE2412121F0BA0049ADBD /* PaginatableState.swift in Sources */,
				73FBF8BB212E11CD009B2619 /* Sequence+Deduplication.swift in Sources */,
				73022FFF212F2CF500BC1E9A /* EnvVars.swift in Sources */,
				732BE219211F96600049ADBD /* MessagesState.swift in Sources */,
				73208E81212A3B3100529FA3 /* TimelineViewController.swift in Sources */,
				732BE27B2123972F0049ADBD /* MastodonKit+Accessors.swift in Sources */,
				73208E9A212B753C00529FA3 /* MessagesViewController.swift in Sources */,
				73208EAA212C750600529FA3 /* TableContainerViewController.swift in Sources */,
				73208E8E212B2A9C00529FA3 /* StatusesState.swift in Sources */,
				73022FF3212E2AD600BC1E9A /* FollowCellView.swift in Sources */,
				732BE266212345080049ADBD /* AccountViewController.swift in Sources */,
				73208EBA212CC2AF00529FA3 /* AccountState.swift in Sources */,
				73CBAE392124EBB70048462A /* NSAttributedString+HTML.swift in Sources */,
				7379C5B5211F3D4B003BEB84 /* AppState.swift in Sources */,
				73208E89212B290500529FA3 /* MentionsState.swift in Sources */,
				732BE22721208EA40049ADBD /* ActiveAccountViewController.swift in Sources */,
				739426DF21272A9C005CBEDA /* ImageAttachmentViewCell.swift in Sources */,
				73023007212F55BD00BC1E9A /* ContextsState.swift in Sources */,
				732BE2342120CC610049ADBD /* PaginatingTableViewController.swift in Sources */,
				73022FF7212F1B1B00BC1E9A /* AvatarView.swift in Sources */,
				732BE252212233A30049ADBD /* TextView.swift in Sources */,
				732557FB2125D0EB00ED1AF3 /* UIImage+Insets.swift in Sources */,
				73FBF8B3212DBF10009B2619 /* AccountsState.swift in Sources */,
				732BE249212222500049ADBD /* StatusViewCell.swift in Sources */,
				73208E92212B316900529FA3 /* StatusesContainerViewController.swift in Sources */,
				73022FEF212E245800BC1E9A /* FollowsViewController.swift in Sources */,
			);
			runOnlyForDeploymentPostprocessing = 0;
		};
		73EAEC65211E41AA00C2620F /* Sources */ = {
			isa = PBXSourcesBuildPhase;
			buildActionMask = 2147483647;
			files = (
				73EAEC6E211E41AA00C2620F /* TuskTests.swift in Sources */,
				732BE24A212222500049ADBD /* StatusViewCell.swift in Sources */,
				73022FF4212E2AD600BC1E9A /* FollowCellView.swift in Sources */,
				732557FC2125D0EB00ED1AF3 /* UIImage+Insets.swift in Sources */,
				73208E97212B319B00529FA3 /* MentionsViewController.swift in Sources */,
				73023004212F535000BC1E9A /* ContextState.swift in Sources */,
				732BE28A212485890049ADBD /* CaseIterable.swift in Sources */,
				7379C5BB211F4180003BEB84 /* AuthState.swift in Sources */,
				73022FFC212F1C5600BC1E9A /* UIView+Layout.swift in Sources */,
				730230142130682A00BC1E9A /* UITableView+CellNib.swift in Sources */,
				732BE2352120CC610049ADBD /* PaginatingTableViewController.swift in Sources */,
				732BE27F2123972F0049ADBD /* MastodonKit+Comparable.swift in Sources */,
				739426E021272A9C005CBEDA /* ImageAttachmentViewCell.swift in Sources */,
				732BE25F212327490049ADBD /* NotificationViewCell.swift in Sources */,
				739426E82128D0DD005CBEDA /* ToggleLayoutConstraint.swift in Sources */,
				73208E8F212B2A9C00529FA3 /* StatusesState.swift in Sources */,
				732BE20E211F4ACE0049ADBD /* TimelineState.swift in Sources */,
				732BE2422121F0BA0049ADBD /* PaginatableState.swift in Sources */,
				73208E9B212B753C00529FA3 /* MessagesViewController.swift in Sources */,
				73208EBB212CC2AF00529FA3 /* AccountState.swift in Sources */,
				732BE2302120A9690049ADBD /* TabViewController.swift in Sources */,
				73208E79212A252000529FA3 /* StatusActionViewCell.swift in Sources */,
				73208E86212A41A400529FA3 /* TableViewCell.swift in Sources */,
				73208EAB212C750600529FA3 /* TableContainerViewController.swift in Sources */,
				73FBF8B8212DD42B009B2619 /* AccountStatusesViewController.swift in Sources */,
				739426E421288375005CBEDA /* AttachmentsViewController.swift in Sources */,
				7302300C212F594000BC1E9A /* ContextViewController.swift in Sources */,
				732BE253212233A30049ADBD /* TextView.swift in Sources */,
				73023000212F2CF500BC1E9A /* EnvVars.swift in Sources */,
				732BE267212345080049ADBD /* AccountViewController.swift in Sources */,
				732BE27C2123972F0049ADBD /* MastodonKit+Accessors.swift in Sources */,
				732557FE2125D48700ED1AF3 /* AuthFlowUIHandler.swift in Sources */,
				732BE24F2122240D0049ADBD /* ImageView.swift in Sources */,
				7379C5B6211F3D4B003BEB84 /* AppState.swift in Sources */,
				732BE212211F93860049ADBD /* NotificationsState.swift in Sources */,
				73208E93212B316900529FA3 /* StatusesContainerViewController.swift in Sources */,
				732BE21A211F96600049ADBD /* MessagesState.swift in Sources */,
				732BE27321238FA50049ADBD /* FieldViewCell.swift in Sources */,
				73FBF8BC212E11CD009B2619 /* Sequence+Deduplication.swift in Sources */,
				732BE22821208EA40049ADBD /* ActiveAccountViewController.swift in Sources */,
				73208E8A212B290500529FA3 /* MentionsState.swift in Sources */,
				73022FF0212E245800BC1E9A /* FollowsViewController.swift in Sources */,
				73022FF8212F1B1B00BC1E9A /* AvatarView.swift in Sources */,
				73023008212F55BD00BC1E9A /* ContextsState.swift in Sources */,
				732BE263212338EA0049ADBD /* TimestampLabel.swift in Sources */,
				73CBAE3A2124EBB70048462A /* NSAttributedString+HTML.swift in Sources */,
				73FBF8B4212DBF10009B2619 /* AccountsState.swift in Sources */,
				73208E82212A3B3100529FA3 /* TimelineViewController.swift in Sources */,
			);
			runOnlyForDeploymentPostprocessing = 0;
		};
		73EAEC70211E41AA00C2620F /* Sources */ = {
			isa = PBXSourcesBuildPhase;
			buildActionMask = 2147483647;
			files = (
				73EAEC79211E41AA00C2620F /* TuskUITests.swift in Sources */,
				732BE24B212222500049ADBD /* StatusViewCell.swift in Sources */,
				73022FF5212E2AD600BC1E9A /* FollowCellView.swift in Sources */,
				732557FD2125D0EB00ED1AF3 /* UIImage+Insets.swift in Sources */,
				73208E98212B319B00529FA3 /* MentionsViewController.swift in Sources */,
				73023005212F535000BC1E9A /* ContextState.swift in Sources */,
				732BE28B212485890049ADBD /* CaseIterable.swift in Sources */,
				7379C5BC211F4180003BEB84 /* AuthState.swift in Sources */,
				73022FFD212F1C5600BC1E9A /* UIView+Layout.swift in Sources */,
				730230152130682A00BC1E9A /* UITableView+CellNib.swift in Sources */,
				732BE2362120CC610049ADBD /* PaginatingTableViewController.swift in Sources */,
				732BE2802123972F0049ADBD /* MastodonKit+Comparable.swift in Sources */,
				739426E121272A9C005CBEDA /* ImageAttachmentViewCell.swift in Sources */,
				732BE260212327490049ADBD /* NotificationViewCell.swift in Sources */,
				739426E92128D0DD005CBEDA /* ToggleLayoutConstraint.swift in Sources */,
				73208E90212B2A9C00529FA3 /* StatusesState.swift in Sources */,
				732BE20F211F4ACE0049ADBD /* TimelineState.swift in Sources */,
				732BE2432121F0BA0049ADBD /* PaginatableState.swift in Sources */,
				73208E9C212B753C00529FA3 /* MessagesViewController.swift in Sources */,
				73208EBC212CC2AF00529FA3 /* AccountState.swift in Sources */,
				732BE2312120A9690049ADBD /* TabViewController.swift in Sources */,
				73208E7A212A252000529FA3 /* StatusActionViewCell.swift in Sources */,
				73208E87212A41A400529FA3 /* TableViewCell.swift in Sources */,
				73208EAC212C750600529FA3 /* TableContainerViewController.swift in Sources */,
				73FBF8B9212DD42B009B2619 /* AccountStatusesViewController.swift in Sources */,
				739426E521288375005CBEDA /* AttachmentsViewController.swift in Sources */,
				7302300D212F594000BC1E9A /* ContextViewController.swift in Sources */,
				732BE254212233A30049ADBD /* TextView.swift in Sources */,
				73023001212F2CF500BC1E9A /* EnvVars.swift in Sources */,
				732BE268212345080049ADBD /* AccountViewController.swift in Sources */,
				732BE27D2123972F0049ADBD /* MastodonKit+Accessors.swift in Sources */,
				732557FF2125D48700ED1AF3 /* AuthFlowUIHandler.swift in Sources */,
				732BE2502122240D0049ADBD /* ImageView.swift in Sources */,
				7379C5B7211F3D4B003BEB84 /* AppState.swift in Sources */,
				732BE213211F93860049ADBD /* NotificationsState.swift in Sources */,
				73208E94212B316900529FA3 /* StatusesContainerViewController.swift in Sources */,
				732BE21B211F96600049ADBD /* MessagesState.swift in Sources */,
				732BE27421238FA50049ADBD /* FieldViewCell.swift in Sources */,
				73FBF8BD212E11CD009B2619 /* Sequence+Deduplication.swift in Sources */,
				732BE22921208EA40049ADBD /* ActiveAccountViewController.swift in Sources */,
				73208E8B212B290500529FA3 /* MentionsState.swift in Sources */,
				73022FF1212E245800BC1E9A /* FollowsViewController.swift in Sources */,
				73022FF9212F1B1B00BC1E9A /* AvatarView.swift in Sources */,
				73023009212F55BD00BC1E9A /* ContextsState.swift in Sources */,
				732BE264212338EA0049ADBD /* TimestampLabel.swift in Sources */,
				73CBAE3B2124EBB70048462A /* NSAttributedString+HTML.swift in Sources */,
				73FBF8B5212DBF10009B2619 /* AccountsState.swift in Sources */,
				73208E83212A3B3100529FA3 /* TimelineViewController.swift in Sources */,
			);
			runOnlyForDeploymentPostprocessing = 0;
		};
/* End PBXSourcesBuildPhase section */

/* Begin PBXTargetDependency section */
		73EAEC6B211E41AA00C2620F /* PBXTargetDependency */ = {
			isa = PBXTargetDependency;
			target = 73EAEC52211E41A900C2620F /* Tusk */;
			targetProxy = 73EAEC6A211E41AA00C2620F /* PBXContainerItemProxy */;
		};
		73EAEC76211E41AA00C2620F /* PBXTargetDependency */ = {
			isa = PBXTargetDependency;
			target = 73EAEC52211E41A900C2620F /* Tusk */;
			targetProxy = 73EAEC75211E41AA00C2620F /* PBXContainerItemProxy */;
		};
/* End PBXTargetDependency section */

/* Begin PBXVariantGroup section */
		73EAEC5C211E41A900C2620F /* Main.storyboard */ = {
			isa = PBXVariantGroup;
			children = (
				73EAEC5D211E41A900C2620F /* Base */,
			);
			name = Main.storyboard;
			sourceTree = "<group>";
		};
		73EAEC61211E41AA00C2620F /* LaunchScreen.storyboard */ = {
			isa = PBXVariantGroup;
			children = (
				73EAEC62211E41AA00C2620F /* Base */,
			);
			name = LaunchScreen.storyboard;
			sourceTree = "<group>";
		};
/* End PBXVariantGroup section */

/* Begin XCBuildConfiguration section */
		73EAEC7B211E41AA00C2620F /* Debug */ = {
			isa = XCBuildConfiguration;
			buildSettings = {
				ALWAYS_SEARCH_USER_PATHS = NO;
				CLANG_ANALYZER_NONNULL = YES;
				CLANG_ANALYZER_NUMBER_OBJECT_CONVERSION = YES_AGGRESSIVE;
				CLANG_CXX_LANGUAGE_STANDARD = "gnu++14";
				CLANG_CXX_LIBRARY = "libc++";
				CLANG_ENABLE_MODULES = YES;
				CLANG_ENABLE_OBJC_ARC = YES;
				CLANG_ENABLE_OBJC_WEAK = YES;
				CLANG_WARN_BLOCK_CAPTURE_AUTORELEASING = YES;
				CLANG_WARN_BOOL_CONVERSION = YES;
				CLANG_WARN_COMMA = YES;
				CLANG_WARN_CONSTANT_CONVERSION = YES;
				CLANG_WARN_DEPRECATED_OBJC_IMPLEMENTATIONS = YES;
				CLANG_WARN_DIRECT_OBJC_ISA_USAGE = YES_ERROR;
				CLANG_WARN_DOCUMENTATION_COMMENTS = YES;
				CLANG_WARN_EMPTY_BODY = YES;
				CLANG_WARN_ENUM_CONVERSION = YES;
				CLANG_WARN_INFINITE_RECURSION = YES;
				CLANG_WARN_INT_CONVERSION = YES;
				CLANG_WARN_NON_LITERAL_NULL_CONVERSION = YES;
				CLANG_WARN_OBJC_IMPLICIT_RETAIN_SELF = YES;
				CLANG_WARN_OBJC_LITERAL_CONVERSION = YES;
				CLANG_WARN_OBJC_ROOT_CLASS = YES_ERROR;
				CLANG_WARN_RANGE_LOOP_ANALYSIS = YES;
				CLANG_WARN_STRICT_PROTOTYPES = YES;
				CLANG_WARN_SUSPICIOUS_MOVE = YES;
				CLANG_WARN_UNGUARDED_AVAILABILITY = YES_AGGRESSIVE;
				CLANG_WARN_UNREACHABLE_CODE = YES;
				CLANG_WARN__DUPLICATE_METHOD_MATCH = YES;
				CODE_SIGN_IDENTITY = "iPhone Developer";
				COPY_PHASE_STRIP = NO;
				DEBUG_INFORMATION_FORMAT = dwarf;
				ENABLE_STRICT_OBJC_MSGSEND = YES;
				ENABLE_TESTABILITY = YES;
				GCC_C_LANGUAGE_STANDARD = gnu11;
				GCC_DYNAMIC_NO_PIC = NO;
				GCC_NO_COMMON_BLOCKS = YES;
				GCC_OPTIMIZATION_LEVEL = 0;
				GCC_PREPROCESSOR_DEFINITIONS = (
					"DEBUG=1",
					"$(inherited)",
				);
				GCC_WARN_64_TO_32_BIT_CONVERSION = YES;
				GCC_WARN_ABOUT_RETURN_TYPE = YES_ERROR;
				GCC_WARN_UNDECLARED_SELECTOR = YES;
				GCC_WARN_UNINITIALIZED_AUTOS = YES_AGGRESSIVE;
				GCC_WARN_UNUSED_FUNCTION = YES;
				GCC_WARN_UNUSED_VARIABLE = YES;
				IPHONEOS_DEPLOYMENT_TARGET = 11.4;
				MTL_ENABLE_DEBUG_INFO = YES;
				ONLY_ACTIVE_ARCH = YES;
				SDKROOT = iphoneos;
				SWIFT_ACTIVE_COMPILATION_CONDITIONS = DEBUG;
				SWIFT_OPTIMIZATION_LEVEL = "-Onone";
			};
			name = Debug;
		};
		73EAEC7C211E41AA00C2620F /* Release */ = {
			isa = XCBuildConfiguration;
			buildSettings = {
				ALWAYS_SEARCH_USER_PATHS = NO;
				CLANG_ANALYZER_NONNULL = YES;
				CLANG_ANALYZER_NUMBER_OBJECT_CONVERSION = YES_AGGRESSIVE;
				CLANG_CXX_LANGUAGE_STANDARD = "gnu++14";
				CLANG_CXX_LIBRARY = "libc++";
				CLANG_ENABLE_MODULES = YES;
				CLANG_ENABLE_OBJC_ARC = YES;
				CLANG_ENABLE_OBJC_WEAK = YES;
				CLANG_WARN_BLOCK_CAPTURE_AUTORELEASING = YES;
				CLANG_WARN_BOOL_CONVERSION = YES;
				CLANG_WARN_COMMA = YES;
				CLANG_WARN_CONSTANT_CONVERSION = YES;
				CLANG_WARN_DEPRECATED_OBJC_IMPLEMENTATIONS = YES;
				CLANG_WARN_DIRECT_OBJC_ISA_USAGE = YES_ERROR;
				CLANG_WARN_DOCUMENTATION_COMMENTS = YES;
				CLANG_WARN_EMPTY_BODY = YES;
				CLANG_WARN_ENUM_CONVERSION = YES;
				CLANG_WARN_INFINITE_RECURSION = YES;
				CLANG_WARN_INT_CONVERSION = YES;
				CLANG_WARN_NON_LITERAL_NULL_CONVERSION = YES;
				CLANG_WARN_OBJC_IMPLICIT_RETAIN_SELF = YES;
				CLANG_WARN_OBJC_LITERAL_CONVERSION = YES;
				CLANG_WARN_OBJC_ROOT_CLASS = YES_ERROR;
				CLANG_WARN_RANGE_LOOP_ANALYSIS = YES;
				CLANG_WARN_STRICT_PROTOTYPES = YES;
				CLANG_WARN_SUSPICIOUS_MOVE = YES;
				CLANG_WARN_UNGUARDED_AVAILABILITY = YES_AGGRESSIVE;
				CLANG_WARN_UNREACHABLE_CODE = YES;
				CLANG_WARN__DUPLICATE_METHOD_MATCH = YES;
				CODE_SIGN_IDENTITY = "iPhone Developer";
				COPY_PHASE_STRIP = NO;
				DEBUG_INFORMATION_FORMAT = "dwarf-with-dsym";
				ENABLE_NS_ASSERTIONS = NO;
				ENABLE_STRICT_OBJC_MSGSEND = YES;
				GCC_C_LANGUAGE_STANDARD = gnu11;
				GCC_NO_COMMON_BLOCKS = YES;
				GCC_WARN_64_TO_32_BIT_CONVERSION = YES;
				GCC_WARN_ABOUT_RETURN_TYPE = YES_ERROR;
				GCC_WARN_UNDECLARED_SELECTOR = YES;
				GCC_WARN_UNINITIALIZED_AUTOS = YES_AGGRESSIVE;
				GCC_WARN_UNUSED_FUNCTION = YES;
				GCC_WARN_UNUSED_VARIABLE = YES;
				IPHONEOS_DEPLOYMENT_TARGET = 11.4;
				MTL_ENABLE_DEBUG_INFO = NO;
				SDKROOT = iphoneos;
				SWIFT_COMPILATION_MODE = wholemodule;
				SWIFT_OPTIMIZATION_LEVEL = "-O";
				VALIDATE_PRODUCT = YES;
			};
			name = Release;
		};
		73EAEC7E211E41AA00C2620F /* Debug */ = {
			isa = XCBuildConfiguration;
			baseConfigurationReference = 297B24945DF67AFFA7087485 /* Pods-Tusk.debug.xcconfig */;
			buildSettings = {
				ASSETCATALOG_COMPILER_APPICON_NAME = AppIcon;
				CODE_SIGN_STYLE = Automatic;
				DEVELOPMENT_TEAM = D9G4X7TP5Q;
				INFOPLIST_FILE = Tusk/Info.plist;
				LD_RUNPATH_SEARCH_PATHS = (
					"$(inherited)",
					"@executable_path/Frameworks",
				);
				PRODUCT_BUNDLE_IDENTIFIER = com.pcperini.Tusk;
				PRODUCT_NAME = "$(TARGET_NAME)";
				SWIFT_INSTALL_OBJC_HEADER = NO;
				SWIFT_OBJC_BRIDGING_HEADER = "";
				SWIFT_VERSION = 4.0;
				TARGETED_DEVICE_FAMILY = "1,2";
			};
			name = Debug;
		};
		73EAEC7F211E41AA00C2620F /* Release */ = {
			isa = XCBuildConfiguration;
			baseConfigurationReference = 7EDDF3DADBD7E280D5589EB3 /* Pods-Tusk.release.xcconfig */;
			buildSettings = {
				ASSETCATALOG_COMPILER_APPICON_NAME = AppIcon;
				CODE_SIGN_STYLE = Automatic;
				DEVELOPMENT_TEAM = D9G4X7TP5Q;
				INFOPLIST_FILE = Tusk/Info.plist;
				LD_RUNPATH_SEARCH_PATHS = (
					"$(inherited)",
					"@executable_path/Frameworks",
				);
				PRODUCT_BUNDLE_IDENTIFIER = com.pcperini.Tusk;
				PRODUCT_NAME = "$(TARGET_NAME)";
				SWIFT_INSTALL_OBJC_HEADER = NO;
				SWIFT_OBJC_BRIDGING_HEADER = "";
				SWIFT_VERSION = 4.0;
				TARGETED_DEVICE_FAMILY = "1,2";
			};
			name = Release;
		};
		73EAEC81211E41AA00C2620F /* Debug */ = {
			isa = XCBuildConfiguration;
			baseConfigurationReference = 0C08DAA0AB03A6FCA7564ECA /* Pods-TuskTests.debug.xcconfig */;
			buildSettings = {
				ALWAYS_EMBED_SWIFT_STANDARD_LIBRARIES = YES;
				BUNDLE_LOADER = "$(TEST_HOST)";
				CODE_SIGN_STYLE = Automatic;
				DEVELOPMENT_TEAM = D9G4X7TP5Q;
				INFOPLIST_FILE = TuskTests/Info.plist;
				LD_RUNPATH_SEARCH_PATHS = (
					"$(inherited)",
					"@executable_path/Frameworks",
					"@loader_path/Frameworks",
				);
				PRODUCT_BUNDLE_IDENTIFIER = com.pcperini.TuskTests;
				PRODUCT_NAME = "$(TARGET_NAME)";
				SWIFT_VERSION = 4.0;
				TARGETED_DEVICE_FAMILY = "1,2";
				TEST_HOST = "$(BUILT_PRODUCTS_DIR)/Tusk.app/Tusk";
			};
			name = Debug;
		};
		73EAEC82211E41AA00C2620F /* Release */ = {
			isa = XCBuildConfiguration;
			baseConfigurationReference = 519EDD4E276FC10DD034A1CB /* Pods-TuskTests.release.xcconfig */;
			buildSettings = {
				ALWAYS_EMBED_SWIFT_STANDARD_LIBRARIES = YES;
				BUNDLE_LOADER = "$(TEST_HOST)";
				CODE_SIGN_STYLE = Automatic;
				DEVELOPMENT_TEAM = D9G4X7TP5Q;
				INFOPLIST_FILE = TuskTests/Info.plist;
				LD_RUNPATH_SEARCH_PATHS = (
					"$(inherited)",
					"@executable_path/Frameworks",
					"@loader_path/Frameworks",
				);
				PRODUCT_BUNDLE_IDENTIFIER = com.pcperini.TuskTests;
				PRODUCT_NAME = "$(TARGET_NAME)";
				SWIFT_VERSION = 4.0;
				TARGETED_DEVICE_FAMILY = "1,2";
				TEST_HOST = "$(BUILT_PRODUCTS_DIR)/Tusk.app/Tusk";
			};
			name = Release;
		};
		73EAEC84211E41AA00C2620F /* Debug */ = {
			isa = XCBuildConfiguration;
			baseConfigurationReference = 668186435AD8DAB8214EBAE6 /* Pods-TuskUITests.debug.xcconfig */;
			buildSettings = {
				ALWAYS_EMBED_SWIFT_STANDARD_LIBRARIES = YES;
				CODE_SIGN_STYLE = Automatic;
				DEVELOPMENT_TEAM = D9G4X7TP5Q;
				INFOPLIST_FILE = TuskUITests/Info.plist;
				LD_RUNPATH_SEARCH_PATHS = (
					"$(inherited)",
					"@executable_path/Frameworks",
					"@loader_path/Frameworks",
				);
				PRODUCT_BUNDLE_IDENTIFIER = com.pcperini.TuskUITests;
				PRODUCT_NAME = "$(TARGET_NAME)";
				SWIFT_VERSION = 4.0;
				TARGETED_DEVICE_FAMILY = "1,2";
				TEST_TARGET_NAME = Tusk;
			};
			name = Debug;
		};
		73EAEC85211E41AA00C2620F /* Release */ = {
			isa = XCBuildConfiguration;
			baseConfigurationReference = D0999BA8B9CF151761658767 /* Pods-TuskUITests.release.xcconfig */;
			buildSettings = {
				ALWAYS_EMBED_SWIFT_STANDARD_LIBRARIES = YES;
				CODE_SIGN_STYLE = Automatic;
				DEVELOPMENT_TEAM = D9G4X7TP5Q;
				INFOPLIST_FILE = TuskUITests/Info.plist;
				LD_RUNPATH_SEARCH_PATHS = (
					"$(inherited)",
					"@executable_path/Frameworks",
					"@loader_path/Frameworks",
				);
				PRODUCT_BUNDLE_IDENTIFIER = com.pcperini.TuskUITests;
				PRODUCT_NAME = "$(TARGET_NAME)";
				SWIFT_VERSION = 4.0;
				TARGETED_DEVICE_FAMILY = "1,2";
				TEST_TARGET_NAME = Tusk;
			};
			name = Release;
		};
/* End XCBuildConfiguration section */

/* Begin XCConfigurationList section */
		73EAEC4E211E41A900C2620F /* Build configuration list for PBXProject "Tusk" */ = {
			isa = XCConfigurationList;
			buildConfigurations = (
				73EAEC7B211E41AA00C2620F /* Debug */,
				73EAEC7C211E41AA00C2620F /* Release */,
			);
			defaultConfigurationIsVisible = 0;
			defaultConfigurationName = Release;
		};
		73EAEC7D211E41AA00C2620F /* Build configuration list for PBXNativeTarget "Tusk" */ = {
			isa = XCConfigurationList;
			buildConfigurations = (
				73EAEC7E211E41AA00C2620F /* Debug */,
				73EAEC7F211E41AA00C2620F /* Release */,
			);
			defaultConfigurationIsVisible = 0;
			defaultConfigurationName = Release;
		};
		73EAEC80211E41AA00C2620F /* Build configuration list for PBXNativeTarget "TuskTests" */ = {
			isa = XCConfigurationList;
			buildConfigurations = (
				73EAEC81211E41AA00C2620F /* Debug */,
				73EAEC82211E41AA00C2620F /* Release */,
			);
			defaultConfigurationIsVisible = 0;
			defaultConfigurationName = Release;
		};
		73EAEC83211E41AA00C2620F /* Build configuration list for PBXNativeTarget "TuskUITests" */ = {
			isa = XCConfigurationList;
			buildConfigurations = (
				73EAEC84211E41AA00C2620F /* Debug */,
				73EAEC85211E41AA00C2620F /* Release */,
			);
			defaultConfigurationIsVisible = 0;
			defaultConfigurationName = Release;
		};
/* End XCConfigurationList section */
	};
	rootObject = 73EAEC4B211E41A900C2620F /* Project object */;
}
